
Microsoft Visual Studio Solution File, Format Version 12.00
# Visual Studio Version 16
VisualStudioVersion = 16.0.31424.327
MinimumVisualStudioVersion = 10.0.40219.1
Project("{9A19103F-16F7-4668-BE54-9A1E7A4F7556}") = "001_IsPrime", "001_IsPrime\001_IsPrime.csproj", "{514B41E4-7361-4427-8535-D8845F00EF71}"
EndProject
Project("{9A19103F-16F7-4668-BE54-9A1E7A4F7556}") = "002_IsPerfectNumber", "002_IsPerfectNumber\002_IsPerfectNumber.csproj", "{7CB06B4E-C1B5-4FB4-A407-80A4B14E055F}"
EndProject
Project("{9A19103F-16F7-4668-BE54-9A1E7A4F7556}") = "003_SumOf_N_NaturalNumbers", "003_SumOf_N_NaturalNumbers\003_SumOf_N_NaturalNumbers.csproj", "{3AFDFB5B-8519-4C69-97B7-3D7BCDD3E8AB}"
EndProject
Project("{9A19103F-16F7-4668-BE54-9A1E7A4F7556}") = "004_IsPerfectSquare", "004_IsPerfectSquare\004_IsPerfectSquare.csproj", "{E920E27B-1D9C-4F6C-95F8-CBFBA91F2788}"
EndProject
Project("{2150E333-8FDC-42A3-9474-1A3956D46DE8}") = "TimeComplexity", "TimeComplexity", "{5955D5E2-2067-4433-B0FD-24A9BFF8E525}"
EndProject
Project("{9A19103F-16F7-4668-BE54-9A1E7A4F7556}") = "001_Problem", "001_Problem\001_Problem.csproj", "{8BA55B70-7FF1-437C-B717-9732FA670BC0}"
EndProject
Project("{9A19103F-16F7-4668-BE54-9A1E7A4F7556}") = "005_ArmstrongNumber", "005_ArmstrongNumber\005_ArmstrongNumber.csproj", "{E768CAC1-77AA-4E50-BC2B-5F841BE3A2D7}"
EndProject
Project("{9A19103F-16F7-4668-BE54-9A1E7A4F7556}") = "006_Tables", "006_Tables\006_Tables.csproj", "{237A58D9-71CD-4F24-88D6-C1F1B14E6FC2}"
EndProject
Project("{9A19103F-16F7-4668-BE54-9A1E7A4F7556}") = "002_Problem", "002_Problem\002_Problem.csproj", "{214BD44D-436B-40E9-82F7-EA0C2CAF601E}"
EndProject
Project("{9A19103F-16F7-4668-BE54-9A1E7A4F7556}") = "007_ReverseArray", "007_ReverseArray\007_ReverseArray.csproj", "{64438454-3B61-44DF-855B-FA404414ED3F}"
EndProject
Project("{9A19103F-16F7-4668-BE54-9A1E7A4F7556}") = "008_RotationGame", "008_RotationGame\008_RotationGame.csproj", "{CD56A9BB-ED84-4DCE-880A-40A38D963FAC}"
EndProject
Project("{9A19103F-16F7-4668-BE54-9A1E7A4F7556}") = "009_ReverseList", "009_ReverseList\009_ReverseList.csproj", "{1F264FBD-9E77-45EA-BDD9-02FD034EB8A4}"
EndProject
Project("{9A19103F-16F7-4668-BE54-9A1E7A4F7556}") = "010_GoodPairOfSumExists", "010_GoodPairOfSumExists\010_GoodPairOfSumExists.csproj", "{0B35BDC0-2E8B-4D93-8173-B6F346078CFE}"
EndProject
Project("{9A19103F-16F7-4668-BE54-9A1E7A4F7556}") = "011_SearchElement", "011_SearchElement\011_SearchElement.csproj", "{B650BF27-42DA-48BF-AD77-91FB72A23810}"
EndProject
Project("{9A19103F-16F7-4668-BE54-9A1E7A4F7556}") = "012_FindMinMaxInArray", "012_FindMinMaxInArray\012_FindMinMaxInArray.csproj", "{DF7B8072-7B7D-433E-BF62-4A0E6BD94B26}"
EndProject
Project("{9A19103F-16F7-4668-BE54-9A1E7A4F7556}") = "013_LittlePonnyAndMaximumElement", "013_LittlePonnyAndMaximumElement\013_LittlePonnyAndMaximumElement.csproj", "{7DB4970F-4843-432F-A9F0-DE218B5C4DC0}"
EndProject
Project("{9A19103F-16F7-4668-BE54-9A1E7A4F7556}") = "014_SecondLargest", "014_SecondLargest\014_SecondLargest.csproj", "{D005B6C1-6AD3-42BB-ABF7-81094B462F6A}"
EndProject
Project("{9A19103F-16F7-4668-BE54-9A1E7A4F7556}") = "015_MinimumPicks", "015_MinimumPicks\015_MinimumPicks.csproj", "{D3DE0AE2-8338-4927-8CDC-F46A55F8ABA0}"
EndProject
Project("{9A19103F-16F7-4668-BE54-9A1E7A4F7556}") = "016_SeparateOddEven", "016_SeparateOddEven\016_SeparateOddEven.csproj", "{0E26644C-5395-4859-8DEE-81A0712414B3}"
EndProject
Project("{9A19103F-16F7-4668-BE54-9A1E7A4F7556}") = "017_LeftShiftArray", "017_LeftShiftArray\017_LeftShiftArray.csproj", "{FC054905-E796-4BF1-A8F3-70BEF410ACF8}"
EndProject
Project("{9A19103F-16F7-4668-BE54-9A1E7A4F7556}") = "018_CarryForwardArray", "018_CarryForwardArray\018_CarryForwardArray.csproj", "{A0A4A06F-4B60-4F49-9E8B-3D4AA49DD051}"
EndProject
Project("{9A19103F-16F7-4668-BE54-9A1E7A4F7556}") = "019_LeadersOfTheArray", "019_LeadersOfTheArray\019_LeadersOfTheArray.csproj", "{FA55DAD9-3D87-407A-A258-315855B23EC8}"
EndProject
Project("{9A19103F-16F7-4668-BE54-9A1E7A4F7556}") = "020_SubArray", "020_SubArray\020_SubArray.csproj", "{DACB412D-EEA7-406D-AB97-91525033376D}"
EndProject
Project("{9A19103F-16F7-4668-BE54-9A1E7A4F7556}") = "021_EquilibriumIndex", "021_EquilibriumIndex\021_EquilibriumIndex.csproj", "{2A5D8013-E5EF-486C-BC99-BDBC0CE0945D}"
EndProject
Project("{9A19103F-16F7-4668-BE54-9A1E7A4F7556}") = "022_SumOfEvenOddIndexedElements", "022_SumOfEvenOddIndexedElements\022_SumOfEvenOddIndexedElements.csproj", "{C3E5C05C-8002-4111-B9BB-DDA0241F8D3B}"
EndProject
Project("{9A19103F-16F7-4668-BE54-9A1E7A4F7556}") = "023_PickFromBothSides", "023_PickFromBothSides\023_PickFromBothSides.csproj", "{4EA8C08C-2DE0-43DE-981F-662A42E90170}"
EndProject
Project("{9A19103F-16F7-4668-BE54-9A1E7A4F7556}") = "024_RangeSumQuery", "024_ RangeSumQuery\024_RangeSumQuery.csproj", "{8B87778F-9B47-4A61-9342-361CF19E4F6A}"
EndProject
Project("{9A19103F-16F7-4668-BE54-9A1E7A4F7556}") = "025_StringSpecialSubsequences", "025_StringSpecialSubsequences\025_StringSpecialSubsequences.csproj", "{A04D3BBB-4051-48E9-B17C-A327271B2539}"
EndProject
Project("{9A19103F-16F7-4668-BE54-9A1E7A4F7556}") = "026_ClosestMinMax", "026_ClosestMinMax\026_ClosestMinMax.csproj", "{1BB97228-CF0E-4303-9A6A-8125C1FF6FDC}"
EndProject
Project("{9A19103F-16F7-4668-BE54-9A1E7A4F7556}") = "027_AmazingSubArrays", "027_AmazingSubArrays\027_AmazingSubArrays.csproj", "{EBC4627A-2596-4D85-A891-E85051547F09}"
EndProject
Project("{9A19103F-16F7-4668-BE54-9A1E7A4F7556}") = "028_EvenSubArrays", "028_EvenSubArrays\028_EvenSubArrays.csproj", "{3FD3628D-F06C-4F77-914E-9673A8A6A003}"
EndProject
Project("{9A19103F-16F7-4668-BE54-9A1E7A4F7556}") = "029_SmartBulbs", "029_SmartBulbs\029_SmartBulbs.csproj", "{AD1B379F-5F65-4B1D-B12F-9367022395D8}"
EndProject
Project("{9A19103F-16F7-4668-BE54-9A1E7A4F7556}") = "030_SubArraySum", "030_SubArraySum\030_SubArraySum.csproj", "{BEAD3D52-7780-4B2D-B0AB-342145903536}"
EndProject
Project("{9A19103F-16F7-4668-BE54-9A1E7A4F7556}") = "031_SubArraysWithLeastAverage", "031_SubArraysWithLeastAverage\031_SubArraysWithLeastAverage.csproj", "{E0D8E7DC-F1D8-4C62-A391-2F6658EC8C2B}"
EndProject
Project("{9A19103F-16F7-4668-BE54-9A1E7A4F7556}") = "032_MaximumSumSubarray", "032_MaximumSumSubarray\032_MaximumSumSubarray.csproj", "{B89525EB-DA2B-4050-AF72-B59E90237D51}"
EndProject
Project("{9A19103F-16F7-4668-BE54-9A1E7A4F7556}") = "033_Alternating_Subarrays", "033_Alternating_Subarrays\033_Alternating_Subarrays.csproj", "{4F7866DE-A2F5-4A1E-9019-8B703548C214}"
EndProject
Project("{9A19103F-16F7-4668-BE54-9A1E7A4F7556}") = "034_CountGoodSubArrays", "034_CountGoodSubArrays\034_CountGoodSubArrays.csproj", "{03B8B2A5-C39E-4690-9780-A221F911A9F6}"
EndProject
Project("{9A19103F-16F7-4668-BE54-9A1E7A4F7556}") = "035_SumSubArraysLessLimit", "035_SumSubArraysLessLimit\035_SumSubArraysLessLimit.csproj", "{63AC0F9D-534A-40A3-AC43-51D11CE9E44B}"
EndProject
Project("{FAE04EC0-301F-11D3-BF4B-00C04F79EFBC}") = "036_DiagonalElementsRectMatrix", "036_DiagonalElementsRectMatrix\036_DiagonalElementsRectMatrix.csproj", "{D4B2B340-CE3E-4197-AF34-629A61D99FFB}"
EndProject
Global
	GlobalSection(SolutionConfigurationPlatforms) = preSolution
		Debug|Any CPU = Debug|Any CPU
		Release|Any CPU = Release|Any CPU
	EndGlobalSection
	GlobalSection(ProjectConfigurationPlatforms) = postSolution
		{514B41E4-7361-4427-8535-D8845F00EF71}.Debug|Any CPU.ActiveCfg = Debug|Any CPU
		{514B41E4-7361-4427-8535-D8845F00EF71}.Debug|Any CPU.Build.0 = Debug|Any CPU
		{514B41E4-7361-4427-8535-D8845F00EF71}.Release|Any CPU.ActiveCfg = Release|Any CPU
		{514B41E4-7361-4427-8535-D8845F00EF71}.Release|Any CPU.Build.0 = Release|Any CPU
		{7CB06B4E-C1B5-4FB4-A407-80A4B14E055F}.Debug|Any CPU.ActiveCfg = Debug|Any CPU
		{7CB06B4E-C1B5-4FB4-A407-80A4B14E055F}.Debug|Any CPU.Build.0 = Debug|Any CPU
		{7CB06B4E-C1B5-4FB4-A407-80A4B14E055F}.Release|Any CPU.ActiveCfg = Release|Any CPU
		{7CB06B4E-C1B5-4FB4-A407-80A4B14E055F}.Release|Any CPU.Build.0 = Release|Any CPU
		{3AFDFB5B-8519-4C69-97B7-3D7BCDD3E8AB}.Debug|Any CPU.ActiveCfg = Debug|Any CPU
		{3AFDFB5B-8519-4C69-97B7-3D7BCDD3E8AB}.Debug|Any CPU.Build.0 = Debug|Any CPU
		{3AFDFB5B-8519-4C69-97B7-3D7BCDD3E8AB}.Release|Any CPU.ActiveCfg = Release|Any CPU
		{3AFDFB5B-8519-4C69-97B7-3D7BCDD3E8AB}.Release|Any CPU.Build.0 = Release|Any CPU
		{E920E27B-1D9C-4F6C-95F8-CBFBA91F2788}.Debug|Any CPU.ActiveCfg = Debug|Any CPU
		{E920E27B-1D9C-4F6C-95F8-CBFBA91F2788}.Debug|Any CPU.Build.0 = Debug|Any CPU
		{E920E27B-1D9C-4F6C-95F8-CBFBA91F2788}.Release|Any CPU.ActiveCfg = Release|Any CPU
		{E920E27B-1D9C-4F6C-95F8-CBFBA91F2788}.Release|Any CPU.Build.0 = Release|Any CPU
		{8BA55B70-7FF1-437C-B717-9732FA670BC0}.Debug|Any CPU.ActiveCfg = Debug|Any CPU
		{8BA55B70-7FF1-437C-B717-9732FA670BC0}.Debug|Any CPU.Build.0 = Debug|Any CPU
		{8BA55B70-7FF1-437C-B717-9732FA670BC0}.Release|Any CPU.ActiveCfg = Release|Any CPU
		{8BA55B70-7FF1-437C-B717-9732FA670BC0}.Release|Any CPU.Build.0 = Release|Any CPU
		{E768CAC1-77AA-4E50-BC2B-5F841BE3A2D7}.Debug|Any CPU.ActiveCfg = Debug|Any CPU
		{E768CAC1-77AA-4E50-BC2B-5F841BE3A2D7}.Debug|Any CPU.Build.0 = Debug|Any CPU
		{E768CAC1-77AA-4E50-BC2B-5F841BE3A2D7}.Release|Any CPU.ActiveCfg = Release|Any CPU
		{E768CAC1-77AA-4E50-BC2B-5F841BE3A2D7}.Release|Any CPU.Build.0 = Release|Any CPU
		{237A58D9-71CD-4F24-88D6-C1F1B14E6FC2}.Debug|Any CPU.ActiveCfg = Debug|Any CPU
		{237A58D9-71CD-4F24-88D6-C1F1B14E6FC2}.Debug|Any CPU.Build.0 = Debug|Any CPU
		{237A58D9-71CD-4F24-88D6-C1F1B14E6FC2}.Release|Any CPU.ActiveCfg = Release|Any CPU
		{237A58D9-71CD-4F24-88D6-C1F1B14E6FC2}.Release|Any CPU.Build.0 = Release|Any CPU
		{214BD44D-436B-40E9-82F7-EA0C2CAF601E}.Debug|Any CPU.ActiveCfg = Debug|Any CPU
		{214BD44D-436B-40E9-82F7-EA0C2CAF601E}.Debug|Any CPU.Build.0 = Debug|Any CPU
		{214BD44D-436B-40E9-82F7-EA0C2CAF601E}.Release|Any CPU.ActiveCfg = Release|Any CPU
		{214BD44D-436B-40E9-82F7-EA0C2CAF601E}.Release|Any CPU.Build.0 = Release|Any CPU
		{64438454-3B61-44DF-855B-FA404414ED3F}.Debug|Any CPU.ActiveCfg = Debug|Any CPU
		{64438454-3B61-44DF-855B-FA404414ED3F}.Debug|Any CPU.Build.0 = Debug|Any CPU
		{64438454-3B61-44DF-855B-FA404414ED3F}.Release|Any CPU.ActiveCfg = Release|Any CPU
		{64438454-3B61-44DF-855B-FA404414ED3F}.Release|Any CPU.Build.0 = Release|Any CPU
		{CD56A9BB-ED84-4DCE-880A-40A38D963FAC}.Debug|Any CPU.ActiveCfg = Debug|Any CPU
		{CD56A9BB-ED84-4DCE-880A-40A38D963FAC}.Debug|Any CPU.Build.0 = Debug|Any CPU
		{CD56A9BB-ED84-4DCE-880A-40A38D963FAC}.Release|Any CPU.ActiveCfg = Release|Any CPU
		{CD56A9BB-ED84-4DCE-880A-40A38D963FAC}.Release|Any CPU.Build.0 = Release|Any CPU
		{1F264FBD-9E77-45EA-BDD9-02FD034EB8A4}.Debug|Any CPU.ActiveCfg = Debug|Any CPU
		{1F264FBD-9E77-45EA-BDD9-02FD034EB8A4}.Debug|Any CPU.Build.0 = Debug|Any CPU
		{1F264FBD-9E77-45EA-BDD9-02FD034EB8A4}.Release|Any CPU.ActiveCfg = Release|Any CPU
		{1F264FBD-9E77-45EA-BDD9-02FD034EB8A4}.Release|Any CPU.Build.0 = Release|Any CPU
		{0B35BDC0-2E8B-4D93-8173-B6F346078CFE}.Debug|Any CPU.ActiveCfg = Debug|Any CPU
		{0B35BDC0-2E8B-4D93-8173-B6F346078CFE}.Debug|Any CPU.Build.0 = Debug|Any CPU
		{0B35BDC0-2E8B-4D93-8173-B6F346078CFE}.Release|Any CPU.ActiveCfg = Release|Any CPU
		{0B35BDC0-2E8B-4D93-8173-B6F346078CFE}.Release|Any CPU.Build.0 = Release|Any CPU
		{B650BF27-42DA-48BF-AD77-91FB72A23810}.Debug|Any CPU.ActiveCfg = Debug|Any CPU
		{B650BF27-42DA-48BF-AD77-91FB72A23810}.Debug|Any CPU.Build.0 = Debug|Any CPU
		{B650BF27-42DA-48BF-AD77-91FB72A23810}.Release|Any CPU.ActiveCfg = Release|Any CPU
		{B650BF27-42DA-48BF-AD77-91FB72A23810}.Release|Any CPU.Build.0 = Release|Any CPU
		{DF7B8072-7B7D-433E-BF62-4A0E6BD94B26}.Debug|Any CPU.ActiveCfg = Debug|Any CPU
		{DF7B8072-7B7D-433E-BF62-4A0E6BD94B26}.Debug|Any CPU.Build.0 = Debug|Any CPU
		{DF7B8072-7B7D-433E-BF62-4A0E6BD94B26}.Release|Any CPU.ActiveCfg = Release|Any CPU
		{DF7B8072-7B7D-433E-BF62-4A0E6BD94B26}.Release|Any CPU.Build.0 = Release|Any CPU
		{7DB4970F-4843-432F-A9F0-DE218B5C4DC0}.Debug|Any CPU.ActiveCfg = Debug|Any CPU
		{7DB4970F-4843-432F-A9F0-DE218B5C4DC0}.Debug|Any CPU.Build.0 = Debug|Any CPU
		{7DB4970F-4843-432F-A9F0-DE218B5C4DC0}.Release|Any CPU.ActiveCfg = Release|Any CPU
		{7DB4970F-4843-432F-A9F0-DE218B5C4DC0}.Release|Any CPU.Build.0 = Release|Any CPU
		{D005B6C1-6AD3-42BB-ABF7-81094B462F6A}.Debug|Any CPU.ActiveCfg = Debug|Any CPU
		{D005B6C1-6AD3-42BB-ABF7-81094B462F6A}.Debug|Any CPU.Build.0 = Debug|Any CPU
		{D005B6C1-6AD3-42BB-ABF7-81094B462F6A}.Release|Any CPU.ActiveCfg = Release|Any CPU
		{D005B6C1-6AD3-42BB-ABF7-81094B462F6A}.Release|Any CPU.Build.0 = Release|Any CPU
		{D3DE0AE2-8338-4927-8CDC-F46A55F8ABA0}.Debug|Any CPU.ActiveCfg = Debug|Any CPU
		{D3DE0AE2-8338-4927-8CDC-F46A55F8ABA0}.Debug|Any CPU.Build.0 = Debug|Any CPU
		{D3DE0AE2-8338-4927-8CDC-F46A55F8ABA0}.Release|Any CPU.ActiveCfg = Release|Any CPU
		{D3DE0AE2-8338-4927-8CDC-F46A55F8ABA0}.Release|Any CPU.Build.0 = Release|Any CPU
		{0E26644C-5395-4859-8DEE-81A0712414B3}.Debug|Any CPU.ActiveCfg = Debug|Any CPU
		{0E26644C-5395-4859-8DEE-81A0712414B3}.Debug|Any CPU.Build.0 = Debug|Any CPU
		{0E26644C-5395-4859-8DEE-81A0712414B3}.Release|Any CPU.ActiveCfg = Release|Any CPU
		{0E26644C-5395-4859-8DEE-81A0712414B3}.Release|Any CPU.Build.0 = Release|Any CPU
		{FC054905-E796-4BF1-A8F3-70BEF410ACF8}.Debug|Any CPU.ActiveCfg = Debug|Any CPU
		{FC054905-E796-4BF1-A8F3-70BEF410ACF8}.Debug|Any CPU.Build.0 = Debug|Any CPU
		{FC054905-E796-4BF1-A8F3-70BEF410ACF8}.Release|Any CPU.ActiveCfg = Release|Any CPU
		{FC054905-E796-4BF1-A8F3-70BEF410ACF8}.Release|Any CPU.Build.0 = Release|Any CPU
		{A0A4A06F-4B60-4F49-9E8B-3D4AA49DD051}.Debug|Any CPU.ActiveCfg = Debug|Any CPU
		{A0A4A06F-4B60-4F49-9E8B-3D4AA49DD051}.Debug|Any CPU.Build.0 = Debug|Any CPU
		{A0A4A06F-4B60-4F49-9E8B-3D4AA49DD051}.Release|Any CPU.ActiveCfg = Release|Any CPU
		{A0A4A06F-4B60-4F49-9E8B-3D4AA49DD051}.Release|Any CPU.Build.0 = Release|Any CPU
		{FA55DAD9-3D87-407A-A258-315855B23EC8}.Debug|Any CPU.ActiveCfg = Debug|Any CPU
		{FA55DAD9-3D87-407A-A258-315855B23EC8}.Debug|Any CPU.Build.0 = Debug|Any CPU
		{FA55DAD9-3D87-407A-A258-315855B23EC8}.Release|Any CPU.ActiveCfg = Release|Any CPU
		{FA55DAD9-3D87-407A-A258-315855B23EC8}.Release|Any CPU.Build.0 = Release|Any CPU
		{DACB412D-EEA7-406D-AB97-91525033376D}.Debug|Any CPU.ActiveCfg = Debug|Any CPU
		{DACB412D-EEA7-406D-AB97-91525033376D}.Debug|Any CPU.Build.0 = Debug|Any CPU
		{DACB412D-EEA7-406D-AB97-91525033376D}.Release|Any CPU.ActiveCfg = Release|Any CPU
		{DACB412D-EEA7-406D-AB97-91525033376D}.Release|Any CPU.Build.0 = Release|Any CPU
		{2A5D8013-E5EF-486C-BC99-BDBC0CE0945D}.Debug|Any CPU.ActiveCfg = Debug|Any CPU
		{2A5D8013-E5EF-486C-BC99-BDBC0CE0945D}.Debug|Any CPU.Build.0 = Debug|Any CPU
		{2A5D8013-E5EF-486C-BC99-BDBC0CE0945D}.Release|Any CPU.ActiveCfg = Release|Any CPU
		{2A5D8013-E5EF-486C-BC99-BDBC0CE0945D}.Release|Any CPU.Build.0 = Release|Any CPU
		{C3E5C05C-8002-4111-B9BB-DDA0241F8D3B}.Debug|Any CPU.ActiveCfg = Debug|Any CPU
		{C3E5C05C-8002-4111-B9BB-DDA0241F8D3B}.Debug|Any CPU.Build.0 = Debug|Any CPU
		{C3E5C05C-8002-4111-B9BB-DDA0241F8D3B}.Release|Any CPU.ActiveCfg = Release|Any CPU
		{C3E5C05C-8002-4111-B9BB-DDA0241F8D3B}.Release|Any CPU.Build.0 = Release|Any CPU
		{4EA8C08C-2DE0-43DE-981F-662A42E90170}.Debug|Any CPU.ActiveCfg = Debug|Any CPU
		{4EA8C08C-2DE0-43DE-981F-662A42E90170}.Debug|Any CPU.Build.0 = Debug|Any CPU
		{4EA8C08C-2DE0-43DE-981F-662A42E90170}.Release|Any CPU.ActiveCfg = Release|Any CPU
		{4EA8C08C-2DE0-43DE-981F-662A42E90170}.Release|Any CPU.Build.0 = Release|Any CPU
		{8B87778F-9B47-4A61-9342-361CF19E4F6A}.Debug|Any CPU.ActiveCfg = Debug|Any CPU
		{8B87778F-9B47-4A61-9342-361CF19E4F6A}.Debug|Any CPU.Build.0 = Debug|Any CPU
		{8B87778F-9B47-4A61-9342-361CF19E4F6A}.Release|Any CPU.ActiveCfg = Release|Any CPU
		{8B87778F-9B47-4A61-9342-361CF19E4F6A}.Release|Any CPU.Build.0 = Release|Any CPU
		{A04D3BBB-4051-48E9-B17C-A327271B2539}.Debug|Any CPU.ActiveCfg = Debug|Any CPU
		{A04D3BBB-4051-48E9-B17C-A327271B2539}.Debug|Any CPU.Build.0 = Debug|Any CPU
		{A04D3BBB-4051-48E9-B17C-A327271B2539}.Release|Any CPU.ActiveCfg = Release|Any CPU
		{A04D3BBB-4051-48E9-B17C-A327271B2539}.Release|Any CPU.Build.0 = Release|Any CPU
		{1BB97228-CF0E-4303-9A6A-8125C1FF6FDC}.Debug|Any CPU.ActiveCfg = Debug|Any CPU
		{1BB97228-CF0E-4303-9A6A-8125C1FF6FDC}.Debug|Any CPU.Build.0 = Debug|Any CPU
		{1BB97228-CF0E-4303-9A6A-8125C1FF6FDC}.Release|Any CPU.ActiveCfg = Release|Any CPU
		{1BB97228-CF0E-4303-9A6A-8125C1FF6FDC}.Release|Any CPU.Build.0 = Release|Any CPU
		{EBC4627A-2596-4D85-A891-E85051547F09}.Debug|Any CPU.ActiveCfg = Debug|Any CPU
		{EBC4627A-2596-4D85-A891-E85051547F09}.Debug|Any CPU.Build.0 = Debug|Any CPU
		{EBC4627A-2596-4D85-A891-E85051547F09}.Release|Any CPU.ActiveCfg = Release|Any CPU
		{EBC4627A-2596-4D85-A891-E85051547F09}.Release|Any CPU.Build.0 = Release|Any CPU
		{3FD3628D-F06C-4F77-914E-9673A8A6A003}.Debug|Any CPU.ActiveCfg = Debug|Any CPU
		{3FD3628D-F06C-4F77-914E-9673A8A6A003}.Debug|Any CPU.Build.0 = Debug|Any CPU
		{3FD3628D-F06C-4F77-914E-9673A8A6A003}.Release|Any CPU.ActiveCfg = Release|Any CPU
		{3FD3628D-F06C-4F77-914E-9673A8A6A003}.Release|Any CPU.Build.0 = Release|Any CPU
		{AD1B379F-5F65-4B1D-B12F-9367022395D8}.Debug|Any CPU.ActiveCfg = Debug|Any CPU
		{AD1B379F-5F65-4B1D-B12F-9367022395D8}.Debug|Any CPU.Build.0 = Debug|Any CPU
		{AD1B379F-5F65-4B1D-B12F-9367022395D8}.Release|Any CPU.ActiveCfg = Release|Any CPU
		{AD1B379F-5F65-4B1D-B12F-9367022395D8}.Release|Any CPU.Build.0 = Release|Any CPU
		{BEAD3D52-7780-4B2D-B0AB-342145903536}.Debug|Any CPU.ActiveCfg = Debug|Any CPU
		{BEAD3D52-7780-4B2D-B0AB-342145903536}.Debug|Any CPU.Build.0 = Debug|Any CPU
		{BEAD3D52-7780-4B2D-B0AB-342145903536}.Release|Any CPU.ActiveCfg = Release|Any CPU
		{BEAD3D52-7780-4B2D-B0AB-342145903536}.Release|Any CPU.Build.0 = Release|Any CPU
		{E0D8E7DC-F1D8-4C62-A391-2F6658EC8C2B}.Debug|Any CPU.ActiveCfg = Debug|Any CPU
		{E0D8E7DC-F1D8-4C62-A391-2F6658EC8C2B}.Debug|Any CPU.Build.0 = Debug|Any CPU
		{E0D8E7DC-F1D8-4C62-A391-2F6658EC8C2B}.Release|Any CPU.ActiveCfg = Release|Any CPU
		{E0D8E7DC-F1D8-4C62-A391-2F6658EC8C2B}.Release|Any CPU.Build.0 = Release|Any CPU
		{B89525EB-DA2B-4050-AF72-B59E90237D51}.Debug|Any CPU.ActiveCfg = Debug|Any CPU
		{B89525EB-DA2B-4050-AF72-B59E90237D51}.Debug|Any CPU.Build.0 = Debug|Any CPU
		{B89525EB-DA2B-4050-AF72-B59E90237D51}.Release|Any CPU.ActiveCfg = Release|Any CPU
		{B89525EB-DA2B-4050-AF72-B59E90237D51}.Release|Any CPU.Build.0 = Release|Any CPU
		{4F7866DE-A2F5-4A1E-9019-8B703548C214}.Debug|Any CPU.ActiveCfg = Debug|Any CPU
		{4F7866DE-A2F5-4A1E-9019-8B703548C214}.Debug|Any CPU.Build.0 = Debug|Any CPU
		{4F7866DE-A2F5-4A1E-9019-8B703548C214}.Release|Any CPU.ActiveCfg = Release|Any CPU
		{4F7866DE-A2F5-4A1E-9019-8B703548C214}.Release|Any CPU.Build.0 = Release|Any CPU
		{03B8B2A5-C39E-4690-9780-A221F911A9F6}.Debug|Any CPU.ActiveCfg = Debug|Any CPU
		{03B8B2A5-C39E-4690-9780-A221F911A9F6}.Debug|Any CPU.Build.0 = Debug|Any CPU
		{03B8B2A5-C39E-4690-9780-A221F911A9F6}.Release|Any CPU.ActiveCfg = Release|Any CPU
		{03B8B2A5-C39E-4690-9780-A221F911A9F6}.Release|Any CPU.Build.0 = Release|Any CPU
		{63AC0F9D-534A-40A3-AC43-51D11CE9E44B}.Debug|Any CPU.ActiveCfg = Debug|Any CPU
		{63AC0F9D-534A-40A3-AC43-51D11CE9E44B}.Debug|Any CPU.Build.0 = Debug|Any CPU
		{63AC0F9D-534A-40A3-AC43-51D11CE9E44B}.Release|Any CPU.ActiveCfg = Release|Any CPU
		{63AC0F9D-534A-40A3-AC43-51D11CE9E44B}.Release|Any CPU.Build.0 = Release|Any CPU
		{D4B2B340-CE3E-4197-AF34-629A61D99FFB}.Debug|Any CPU.ActiveCfg = Debug|Any CPU
		{D4B2B340-CE3E-4197-AF34-629A61D99FFB}.Debug|Any CPU.Build.0 = Debug|Any CPU
		{D4B2B340-CE3E-4197-AF34-629A61D99FFB}.Release|Any CPU.ActiveCfg = Release|Any CPU
		{D4B2B340-CE3E-4197-AF34-629A61D99FFB}.Release|Any CPU.Build.0 = Release|Any CPU
	EndGlobalSection
	GlobalSection(SolutionProperties) = preSolution
		HideSolutionNode = FALSE
	EndGlobalSection
	GlobalSection(NestedProjects) = preSolution
		{8BA55B70-7FF1-437C-B717-9732FA670BC0} = {5955D5E2-2067-4433-B0FD-24A9BFF8E525}
		{214BD44D-436B-40E9-82F7-EA0C2CAF601E} = {5955D5E2-2067-4433-B0FD-24A9BFF8E525}
	EndGlobalSection
	GlobalSection(ExtensibilityGlobals) = postSolution
		SolutionGuid = {938045ED-8DDA-419F-B18B-8F24C2E44A0A}
	EndGlobalSection
EndGlobal
