
Microsoft Visual Studio Solution File, Format Version 12.00
# Visual Studio Version 16
VisualStudioVersion = 16.0.31424.327
MinimumVisualStudioVersion = 10.0.40219.1
Project("{9A19103F-16F7-4668-BE54-9A1E7A4F7556}") = "001_IsPrime", "001_IsPrime\001_IsPrime.csproj", "{514B41E4-7361-4427-8535-D8845F00EF71}"
EndProject
Project("{9A19103F-16F7-4668-BE54-9A1E7A4F7556}") = "002_IsPerfectNumber", "002_IsPerfectNumber\002_IsPerfectNumber.csproj", "{7CB06B4E-C1B5-4FB4-A407-80A4B14E055F}"
EndProject
Project("{9A19103F-16F7-4668-BE54-9A1E7A4F7556}") = "003_SumOf_N_NaturalNumbers", "003_SumOf_N_NaturalNumbers\003_SumOf_N_NaturalNumbers.csproj", "{3AFDFB5B-8519-4C69-97B7-3D7BCDD3E8AB}"
EndProject
Project("{9A19103F-16F7-4668-BE54-9A1E7A4F7556}") = "004_IsPerfectSquare", "004_IsPerfectSquare\004_IsPerfectSquare.csproj", "{E920E27B-1D9C-4F6C-95F8-CBFBA91F2788}"
EndProject
Project("{2150E333-8FDC-42A3-9474-1A3956D46DE8}") = "TimeComplexity", "TimeComplexity", "{5955D5E2-2067-4433-B0FD-24A9BFF8E525}"
EndProject
Project("{9A19103F-16F7-4668-BE54-9A1E7A4F7556}") = "001_Problem", "001_Problem\001_Problem.csproj", "{8BA55B70-7FF1-437C-B717-9732FA670BC0}"
EndProject
Project("{9A19103F-16F7-4668-BE54-9A1E7A4F7556}") = "005_ArmstrongNumber", "005_ArmstrongNumber\005_ArmstrongNumber.csproj", "{E768CAC1-77AA-4E50-BC2B-5F841BE3A2D7}"
EndProject
Project("{9A19103F-16F7-4668-BE54-9A1E7A4F7556}") = "006_Tables", "006_Tables\006_Tables.csproj", "{237A58D9-71CD-4F24-88D6-C1F1B14E6FC2}"
EndProject
Project("{9A19103F-16F7-4668-BE54-9A1E7A4F7556}") = "002_Problem", "002_Problem\002_Problem.csproj", "{214BD44D-436B-40E9-82F7-EA0C2CAF601E}"
EndProject
Project("{9A19103F-16F7-4668-BE54-9A1E7A4F7556}") = "007_ReverseArray", "007_ReverseArray\007_ReverseArray.csproj", "{64438454-3B61-44DF-855B-FA404414ED3F}"
EndProject
Project("{9A19103F-16F7-4668-BE54-9A1E7A4F7556}") = "008_RotationGame", "008_RotationGame\008_RotationGame.csproj", "{CD56A9BB-ED84-4DCE-880A-40A38D963FAC}"
EndProject
Project("{9A19103F-16F7-4668-BE54-9A1E7A4F7556}") = "009_ReverseList", "009_ReverseList\009_ReverseList.csproj", "{1F264FBD-9E77-45EA-BDD9-02FD034EB8A4}"
EndProject
Project("{9A19103F-16F7-4668-BE54-9A1E7A4F7556}") = "010_GoodPairOfSumExists", "010_GoodPairOfSumExists\010_GoodPairOfSumExists.csproj", "{0B35BDC0-2E8B-4D93-8173-B6F346078CFE}"
EndProject
Project("{9A19103F-16F7-4668-BE54-9A1E7A4F7556}") = "011_SearchElement", "011_SearchElement\011_SearchElement.csproj", "{B650BF27-42DA-48BF-AD77-91FB72A23810}"
EndProject
Project("{9A19103F-16F7-4668-BE54-9A1E7A4F7556}") = "012_FindMinMaxInArray", "012_FindMinMaxInArray\012_FindMinMaxInArray.csproj", "{DF7B8072-7B7D-433E-BF62-4A0E6BD94B26}"
EndProject
Project("{9A19103F-16F7-4668-BE54-9A1E7A4F7556}") = "013_LittlePonnyAndMaximumElement", "013_LittlePonnyAndMaximumElement\013_LittlePonnyAndMaximumElement.csproj", "{7DB4970F-4843-432F-A9F0-DE218B5C4DC0}"
EndProject
Project("{9A19103F-16F7-4668-BE54-9A1E7A4F7556}") = "014_SecondLargest", "014_SecondLargest\014_SecondLargest.csproj", "{D005B6C1-6AD3-42BB-ABF7-81094B462F6A}"
EndProject
Project("{9A19103F-16F7-4668-BE54-9A1E7A4F7556}") = "015_MinimumPicks", "015_MinimumPicks\015_MinimumPicks.csproj", "{D3DE0AE2-8338-4927-8CDC-F46A55F8ABA0}"
EndProject
Project("{9A19103F-16F7-4668-BE54-9A1E7A4F7556}") = "016_SeparateOddEven", "016_SeparateOddEven\016_SeparateOddEven.csproj", "{0E26644C-5395-4859-8DEE-81A0712414B3}"
EndProject
Project("{9A19103F-16F7-4668-BE54-9A1E7A4F7556}") = "017_LeftShiftArray", "017_LeftShiftArray\017_LeftShiftArray.csproj", "{FC054905-E796-4BF1-A8F3-70BEF410ACF8}"
EndProject
Project("{9A19103F-16F7-4668-BE54-9A1E7A4F7556}") = "018_CarryForwardArray", "018_CarryForwardArray\018_CarryForwardArray.csproj", "{A0A4A06F-4B60-4F49-9E8B-3D4AA49DD051}"
EndProject
Project("{9A19103F-16F7-4668-BE54-9A1E7A4F7556}") = "019_LeadersOfTheArray", "019_LeadersOfTheArray\019_LeadersOfTheArray.csproj", "{FA55DAD9-3D87-407A-A258-315855B23EC8}"
EndProject
Project("{9A19103F-16F7-4668-BE54-9A1E7A4F7556}") = "020_SubArray", "020_SubArray\020_SubArray.csproj", "{DACB412D-EEA7-406D-AB97-91525033376D}"
EndProject
Project("{9A19103F-16F7-4668-BE54-9A1E7A4F7556}") = "021_EquilibriumIndex", "021_EquilibriumIndex\021_EquilibriumIndex.csproj", "{2A5D8013-E5EF-486C-BC99-BDBC0CE0945D}"
EndProject
Project("{9A19103F-16F7-4668-BE54-9A1E7A4F7556}") = "022_SumOfEvenOddIndexedElements", "022_SumOfEvenOddIndexedElements\022_SumOfEvenOddIndexedElements.csproj", "{C3E5C05C-8002-4111-B9BB-DDA0241F8D3B}"
EndProject
Project("{9A19103F-16F7-4668-BE54-9A1E7A4F7556}") = "023_PickFromBothSides", "023_PickFromBothSides\023_PickFromBothSides.csproj", "{4EA8C08C-2DE0-43DE-981F-662A42E90170}"
EndProject
Project("{9A19103F-16F7-4668-BE54-9A1E7A4F7556}") = "024_RangeSumQuery", "024_ RangeSumQuery\024_RangeSumQuery.csproj", "{8B87778F-9B47-4A61-9342-361CF19E4F6A}"
EndProject
Project("{9A19103F-16F7-4668-BE54-9A1E7A4F7556}") = "025_StringSpecialSubsequences", "025_StringSpecialSubsequences\025_StringSpecialSubsequences.csproj", "{A04D3BBB-4051-48E9-B17C-A327271B2539}"
EndProject
Project("{9A19103F-16F7-4668-BE54-9A1E7A4F7556}") = "026_ClosestMinMax", "026_ClosestMinMax\026_ClosestMinMax.csproj", "{1BB97228-CF0E-4303-9A6A-8125C1FF6FDC}"
EndProject
Project("{9A19103F-16F7-4668-BE54-9A1E7A4F7556}") = "027_AmazingSubArrays", "027_AmazingSubArrays\027_AmazingSubArrays.csproj", "{EBC4627A-2596-4D85-A891-E85051547F09}"
EndProject
Project("{9A19103F-16F7-4668-BE54-9A1E7A4F7556}") = "028_EvenSubArrays", "028_EvenSubArrays\028_EvenSubArrays.csproj", "{3FD3628D-F06C-4F77-914E-9673A8A6A003}"
EndProject
Project("{9A19103F-16F7-4668-BE54-9A1E7A4F7556}") = "029_SmartBulbs", "029_SmartBulbs\029_SmartBulbs.csproj", "{AD1B379F-5F65-4B1D-B12F-9367022395D8}"
EndProject
Project("{9A19103F-16F7-4668-BE54-9A1E7A4F7556}") = "030_SubArraySum", "030_SubArraySum\030_SubArraySum.csproj", "{BEAD3D52-7780-4B2D-B0AB-342145903536}"
EndProject
Project("{9A19103F-16F7-4668-BE54-9A1E7A4F7556}") = "031_SubArraysWithLeastAverage", "031_SubArraysWithLeastAverage\031_SubArraysWithLeastAverage.csproj", "{E0D8E7DC-F1D8-4C62-A391-2F6658EC8C2B}"
EndProject
Project("{9A19103F-16F7-4668-BE54-9A1E7A4F7556}") = "032_MaximumSumSubarray", "032_MaximumSumSubarray\032_MaximumSumSubarray.csproj", "{B89525EB-DA2B-4050-AF72-B59E90237D51}"
EndProject
Project("{9A19103F-16F7-4668-BE54-9A1E7A4F7556}") = "033_Alternating_Subarrays", "033_Alternating_Subarrays\033_Alternating_Subarrays.csproj", "{4F7866DE-A2F5-4A1E-9019-8B703548C214}"
EndProject
Project("{9A19103F-16F7-4668-BE54-9A1E7A4F7556}") = "034_CountGoodSubArrays", "034_CountGoodSubArrays\034_CountGoodSubArrays.csproj", "{03B8B2A5-C39E-4690-9780-A221F911A9F6}"
EndProject
Project("{9A19103F-16F7-4668-BE54-9A1E7A4F7556}") = "035_SumSubArraysLessLimit", "035_SumSubArraysLessLimit\035_SumSubArraysLessLimit.csproj", "{63AC0F9D-534A-40A3-AC43-51D11CE9E44B}"
EndProject
Project("{9A19103F-16F7-4668-BE54-9A1E7A4F7556}") = "036_DiagonalElementsRectMatrix", "036_DiagonalElementsRectMatrix\036_DiagonalElementsRectMatrix.csproj", "{D4B2B340-CE3E-4197-AF34-629A61D99FFB}"
EndProject
Project("{9A19103F-16F7-4668-BE54-9A1E7A4F7556}") = "037_AddTheMatices", "037_AddTheMatices\037_AddTheMatices.csproj", "{0345A5B4-1F41-4896-A61E-9FA730ED0A95}"
EndProject
Project("{9A19103F-16F7-4668-BE54-9A1E7A4F7556}") = "038_AntiDiagonalElements", "037_AntiDiagonalElements\038_AntiDiagonalElements.csproj", "{F4E071BF-5129-482A-BEEA-E892A912C79B}"
EndProject
Project("{9A19103F-16F7-4668-BE54-9A1E7A4F7556}") = "039_ColumnSum", "039_ColumnSum\039_ColumnSum.csproj", "{C98C1D2F-135F-469D-997E-C67CE0B94530}"
EndProject
Project("{9A19103F-16F7-4668-BE54-9A1E7A4F7556}") = "040_MatrixSubstraction", "040_MatrixSubstraction\040_MatrixSubstraction.csproj", "{24AF372C-959C-409B-9229-5F10544FAE82}"
EndProject
Project("{9A19103F-16F7-4668-BE54-9A1E7A4F7556}") = "041_MatrixTranspose", "041_MatrixTranspose\041_MatrixTranspose.csproj", "{C31F4AE5-2443-44B4-8E9C-E04DE0ACBA62}"
EndProject
Project("{9A19103F-16F7-4668-BE54-9A1E7A4F7556}") = "042_RotateMatrix", "042_RotateMatrix\042_RotateMatrix.csproj", "{A1467F01-A196-48C7-839A-90D9181402F5}"
EndProject
Project("{9A19103F-16F7-4668-BE54-9A1E7A4F7556}") = "043_ RowToColumnZero", "043_ RowToColumnZero\043_ RowToColumnZero.csproj", "{19F56DFC-4632-46BE-BC8C-D92570FAD42E}"
EndProject
Project("{9A19103F-16F7-4668-BE54-9A1E7A4F7556}") = "044_LongestConsequtiveOnesInString", "044_LongestConsequtiveOnesInString\044_LongestConsequtiveOnesInString.csproj", "{AB6877C4-0C4B-43A3-98EC-EC782142B741}"
EndProject
Project("{9A19103F-16F7-4668-BE54-9A1E7A4F7556}") = "045_LowestPriceCristmasTrees", "045_LowestPriceCristmasTrees\045_LowestPriceCristmasTrees.csproj", "{51E0CD3B-62EE-4987-B8AC-DD72A7AD8EB1}"
EndProject
Project("{9A19103F-16F7-4668-BE54-9A1E7A4F7556}") = "051_AddBinaryNumbers", "051_AddBinaryNumbers\051_AddBinaryNumbers.csproj", "{3F1F25E7-062A-49FA-8100-BBE3D76058BA}"
EndProject
Project("{9A19103F-16F7-4668-BE54-9A1E7A4F7556}") = "052_SoloNumber", "052_SoloNumber\052_SoloNumber.csproj", "{7A6D1D7F-FD5F-4181-B7C1-3776312C84B3}"
EndProject
Project("{9A19103F-16F7-4668-BE54-9A1E7A4F7556}") = "053_ReverseBits", "053_ReverseBits\053_ReverseBits.csproj", "{AFCB1FE7-BA9A-431F-9F06-C7712D026B13}"
EndProject
Project("{9A19103F-16F7-4668-BE54-9A1E7A4F7556}") = "054_InterestingArray", "054_InterestingArray\054_InterestingArray.csproj", "{A34C7D4A-9D43-42A6-B001-308B3FAEA839}"
EndProject
Project("{9A19103F-16F7-4668-BE54-9A1E7A4F7556}") = "055_NumberOfOneBits", "055_NumberOfOneBits\055_NumberOfOneBits.csproj", "{9081B315-0C3B-4708-9A90-6F2B70CFEA23}"
EndProject
Project("{9A19103F-16F7-4668-BE54-9A1E7A4F7556}") = "056_CheckBit", "056_CheckBit\056_CheckBit.csproj", "{24366A84-AC54-4143-A281-583EA67908D5}"
EndProject
Project("{9A19103F-16F7-4668-BE54-9A1E7A4F7556}") = "057_ToggleithBit", "057_ToggleithBit\057_ToggleithBit.csproj", "{533C5322-8054-4458-B98D-AD2A189AEF06}"
EndProject
Project("{9A19103F-16F7-4668-BE54-9A1E7A4F7556}") = "058_UnsetithBit", "058_UnsetithBit\058_UnsetithBit.csproj", "{C9B52B97-4174-4610-A912-6230A6BC7509}"
EndProject
Project("{9A19103F-16F7-4668-BE54-9A1E7A4F7556}") = "059_SetBit", "059_SetBit\059_SetBit.csproj", "{32C09176-7F47-4C36-90A5-5297897A98CC}"
EndProject
Project("{9A19103F-16F7-4668-BE54-9A1E7A4F7556}") = "060_BitCompression", "060_BitCompression\060_BitCompression.csproj", "{EB2A6262-EC80-459F-B588-F6A46F543013}"
EndProject
Project("{9A19103F-16F7-4668-BE54-9A1E7A4F7556}") = "061_SubarraysWithBitwiseOR1", "061_SubarraysWithBitwiseOR1\061_SubarraysWithBitwiseOR1.csproj", "{CC438B0E-F9E4-4EE5-AE4A-B89E1AB21C81}"
EndProject
Project("{9A19103F-16F7-4668-BE54-9A1E7A4F7556}") = "062_UnsetMultipleBits", "062_UnsetMultipleBits\062_UnsetMultipleBits.csproj", "{371F8778-6A4D-4D0F-A408-EDC078B24FEC}"
EndProject
Project("{9A19103F-16F7-4668-BE54-9A1E7A4F7556}") = "063_HelpFromSam", "063_HelpFromSam\063_HelpFromSam.csproj", "{4F86FFF5-3ABE-4A16-BF52-B1A3C86DEE19}"
EndProject
Project("{9A19103F-16F7-4668-BE54-9A1E7A4F7556}") = "046_LengthOfLongesConOnes", "046_LengthOfLongesConOnes\046_LengthOfLongesConOnes.csproj", "{299C7774-30BF-4B2A-997D-3BC4EF36E710}"
EndProject
Project("{9A19103F-16F7-4668-BE54-9A1E7A4F7556}") = "047_ProductArrayPuzzle", "047_ProductArrayPuzzle\047_ProductArrayPuzzle.csproj", "{6898CCB5-FA39-497B-AE3E-A8A5838A2D6E}"
EndProject
Project("{9A19103F-16F7-4668-BE54-9A1E7A4F7556}") = "048_CoutOfIncreasingTriplets", "048_CoutOfIncreasingTriplets\048_CoutOfIncreasingTriplets.csproj", "{806DE998-A1F8-4D49-BA22-9529066168F8}"
EndProject
Project("{9A19103F-16F7-4668-BE54-9A1E7A4F7556}") = "049_MaximumPositivity", "049_MaximumPositivity\049_MaximumPositivity.csproj", "{2D1C1C95-890E-4688-8063-702DCA63616A}"
EndProject
Project("{9A19103F-16F7-4668-BE54-9A1E7A4F7556}") = "050_LargestSubarrayWithContiguousElements", "050_LargestSubarrayWithContiguousElements\050_LargestSubarrayWithContiguousElements.csproj", "{406BA663-669B-42BF-B4B3-727EF3CDC9C7}"
EndProject
Project("{9A19103F-16F7-4668-BE54-9A1E7A4F7556}") = "064_StarPattern", "064_StarPattern\064_StarPattern.csproj", "{44582DCE-35D5-4B0A-9223-946FDE67EC00}"
EndProject
Project("{9A19103F-16F7-4668-BE54-9A1E7A4F7556}") = "065_PowerWithModulos", "065_PowerWithModulos\065_PowerWithModulos.csproj", "{CE3A4B6A-CB12-449B-9399-C2DED106E03A}"
EndProject
Project("{9A19103F-16F7-4668-BE54-9A1E7A4F7556}") = "066_DivisibilityBy8", "066_DivisibilityBy8\066_DivisibilityBy8.csproj", "{71E34787-5CCB-4809-829F-3EE336D31804}"
EndProject
Project("{9A19103F-16F7-4668-BE54-9A1E7A4F7556}") = "067_ModString", "067_ModString\067_ModString.csproj", "{02F97919-013C-413A-8F8B-47F57173E784}"
EndProject
Project("{9A19103F-16F7-4668-BE54-9A1E7A4F7556}") = "068_PossibleLargestNumber", "068_PossibleLargestNumber\068_PossibleLargestNumber.csproj", "{FE085054-410D-43D3-A067-F4EE2BF14B6C}"
EndProject
Project("{9A19103F-16F7-4668-BE54-9A1E7A4F7556}") = "069_LeapYear", "069_LeapYear\069_LeapYear.csproj", "{DAB43948-AB6C-4C6F-ACE5-A3F73FD11977}"
EndProject
Project("{9A19103F-16F7-4668-BE54-9A1E7A4F7556}") = "070_LeastCommonMultiple", "070_LeastCommonMultiple\070_LeastCommonMultiple.csproj", "{F279F909-40D8-4243-9B85-1A9E9D729A9C}"
EndProject
Project("{9A19103F-16F7-4668-BE54-9A1E7A4F7556}") = "071_RectangleOverlap", "071_RectangleOverlap\071_RectangleOverlap.csproj", "{65A6F1C4-16D3-4D6A-805B-02E192495B54}"
EndProject
Project("{9A19103F-16F7-4668-BE54-9A1E7A4F7556}") = "072_MajorityElementInArray", "072_MajorityElementInArray\072_MajorityElementInArray.csproj", "{9826BB8C-9AA7-4F20-A31D-6784A2460266}"
EndProject
Project("{9A19103F-16F7-4668-BE54-9A1E7A4F7556}") = "073_RepeatNumber", "073_RepeatNumber\073_RepeatNumber.csproj", "{0E093DDD-731F-479C-858F-1CD1253C3081}"
EndProject
Project("{9A19103F-16F7-4668-BE54-9A1E7A4F7556}") = "074_ColorOfLastBall", "074_ColorOfLastBall\074_ColorOfLastBall.csproj", "{6DC7E629-849C-42D8-AA7C-938997EAD01E}"
EndProject
Project("{9A19103F-16F7-4668-BE54-9A1E7A4F7556}") = "075_NobleElement", "075_NobleElement\075_NobleElement.csproj", "{B9A5E61E-655F-4BDF-85FC-F5E2C43DB9B5}"
EndProject
Project("{9A19103F-16F7-4668-BE54-9A1E7A4F7556}") = "076_ElementsRemoval", "076_ElementsRemoval\076_ElementsRemoval.csproj", "{952F58F0-A250-412D-8A3B-0C78CB853DFE}"
EndProject
Project("{9A19103F-16F7-4668-BE54-9A1E7A4F7556}") = "077_SortArrayByNumberOfFactors", "077_SortArrayByNumberOfFactors\077_SortArrayByNumberOfFactors.csproj", "{44EE4CC8-8539-4024-B39A-78B2E9B460EE}"
EndProject
Project("{9A19103F-16F7-4668-BE54-9A1E7A4F7556}") = "078_SortByColor", "078_SortByColor\078_SortByColor.csproj", "{C09FF6E5-83DF-4C4C-B548-062FE1AE41F4}"
EndProject
Project("{9A19103F-16F7-4668-BE54-9A1E7A4F7556}") = "079_ArrayElementsWithArthmeticProgression", "079_ArrayElementsWithArthmeticProgression\079_ArrayElementsWithArthmeticProgression.csproj", "{63658A0C-1FE0-42B1-85F4-33F7DDEF26E3}"
EndProject
Project("{9A19103F-16F7-4668-BE54-9A1E7A4F7556}") = "080_LargestNumber", "080_LargestNumber\080_LargestNumber.csproj", "{9D44E83F-F04E-496E-BD6F-ABAA6947B82A}"
EndProject
Project("{9A19103F-16F7-4668-BE54-9A1E7A4F7556}") = "081_CharArrayCaseChange", "081_CharArrayCaseChange\081_CharArrayCaseChange.csproj", "{F3BF13E6-6154-4644-B403-B7664CF938FF}"
EndProject
Project("{9A19103F-16F7-4668-BE54-9A1E7A4F7556}") = "082_ChangeCharacter", "082_ChangeCharacter\082_ChangeCharacter.csproj", "{B5135C99-9C44-4E36-AB4D-D8F5B38F1942}"
EndProject
Project("{9A19103F-16F7-4668-BE54-9A1E7A4F7556}") = "085_StringManipulations", "085_StringManipulations\085_StringManipulations.csproj", "{FD9DC6F8-7A9D-41A9-A572-836B6BB08FA4}"
EndProject
Project("{9A19103F-16F7-4668-BE54-9A1E7A4F7556}") = "083_CountOfOccurances", "083_CountOfOccurances\083_CountOfOccurances.csproj", "{26243823-9ECE-484D-83CD-22CDEF394B85}"
EndProject
Project("{9A19103F-16F7-4668-BE54-9A1E7A4F7556}") = "084_MinNumberOfDistinctChars", "084_MinNumberOfDistinctChars\084_MinNumberOfDistinctChars.csproj", "{BB6E62D8-84F6-4AC0-A635-C1ABE31B9EC8}"
EndProject
Project("{9A19103F-16F7-4668-BE54-9A1E7A4F7556}") = "086_ArrayContainsAlphaNumerics", "086_ArrayContainsAlphaNumerics\086_ArrayContainsAlphaNumerics.csproj", "{14880326-29A3-4FCC-B388-B16B1D472959}"
EndProject
Project("{9A19103F-16F7-4668-BE54-9A1E7A4F7556}") = "087_ReverseSentence", "087_ReverseSentence\087_ReverseSentence.csproj", "{DFAA4910-92F5-4F8C-9ECC-83472B3CC042}"
EndProject
Project("{9A19103F-16F7-4668-BE54-9A1E7A4F7556}") = "088_FindPalindromeString", "088_FindPalindromeString\088_FindPalindromeString.csproj", "{AE23A316-A5AE-4BBE-AC2A-8E1BAE541065}"
EndProject
Project("{9A19103F-16F7-4668-BE54-9A1E7A4F7556}") = "089_CommonElements", "089_CommonElements\089_CommonElements.csproj", "{33997D4F-B426-4842-BCFD-D779497B65D8}"
EndProject
Project("{9A19103F-16F7-4668-BE54-9A1E7A4F7556}") = "090_RepeatingElements", "090_RepeatingElements\090_RepeatingElements.csproj", "{A6A9F893-B48E-4F2C-ACC1-3327A1B36C51}"
EndProject
Project("{9A19103F-16F7-4668-BE54-9A1E7A4F7556}") = "091_SubArraySumZero", "091_SubArraySumZero\091_SubArraySumZero.csproj", "{38AA284E-B4FF-4CD8-8A58-A4E081BCC437}"
EndProject
Project("{9A19103F-16F7-4668-BE54-9A1E7A4F7556}") = "091_SumOfRepeatedDistinctElements", "091_SumOfRepeatedDistinctElements\091_SumOfRepeatedDistinctElements.csproj", "{564B8341-6D6F-4ECA-BF27-6CB3710E57AD}"
EndProject
Project("{FAE04EC0-301F-11D3-BF4B-00C04F79EFBC}") = "092_CheckPalindromePossibility", "092_CheckPalindromePossibility\092_CheckPalindromePossibility.csproj", "{1569E1DB-F5AD-403D-82D5-C6231C083D52}"
EndProject
Project("{FAE04EC0-301F-11D3-BF4B-00C04F79EFBC}") = "093_IsColorfulNumber", "093_IsColorfulNumber\093_IsColorfulNumber.csproj", "{0F8921B3-AE34-4344-86A5-CE5F35850A63}"
EndProject
Project("{FAE04EC0-301F-11D3-BF4B-00C04F79EFBC}") = "094_LargestSubarraySum", "093_LargestSubarraySum\094_LargestSubarraySum.csproj", "{C30C7FFD-EC30-49AB-8FE8-F9AB2B8DBCA1}"
EndProject
Project("{FAE04EC0-301F-11D3-BF4B-00C04F79EFBC}") = "095_PossibleDiffElement", "095_PossibleDiffElement\095_PossibleDiffElement.csproj", "{AF3359A4-79B2-454A-AF49-08F39552C4BC}"
EndProject
Global
	GlobalSection(SolutionConfigurationPlatforms) = preSolution
		Debug|Any CPU = Debug|Any CPU
		Release|Any CPU = Release|Any CPU
	EndGlobalSection
	GlobalSection(ProjectConfigurationPlatforms) = postSolution
		{514B41E4-7361-4427-8535-D8845F00EF71}.Debug|Any CPU.ActiveCfg = Debug|Any CPU
		{514B41E4-7361-4427-8535-D8845F00EF71}.Debug|Any CPU.Build.0 = Debug|Any CPU
		{514B41E4-7361-4427-8535-D8845F00EF71}.Release|Any CPU.ActiveCfg = Release|Any CPU
		{514B41E4-7361-4427-8535-D8845F00EF71}.Release|Any CPU.Build.0 = Release|Any CPU
		{7CB06B4E-C1B5-4FB4-A407-80A4B14E055F}.Debug|Any CPU.ActiveCfg = Debug|Any CPU
		{7CB06B4E-C1B5-4FB4-A407-80A4B14E055F}.Debug|Any CPU.Build.0 = Debug|Any CPU
		{7CB06B4E-C1B5-4FB4-A407-80A4B14E055F}.Release|Any CPU.ActiveCfg = Release|Any CPU
		{7CB06B4E-C1B5-4FB4-A407-80A4B14E055F}.Release|Any CPU.Build.0 = Release|Any CPU
		{3AFDFB5B-8519-4C69-97B7-3D7BCDD3E8AB}.Debug|Any CPU.ActiveCfg = Debug|Any CPU
		{3AFDFB5B-8519-4C69-97B7-3D7BCDD3E8AB}.Debug|Any CPU.Build.0 = Debug|Any CPU
		{3AFDFB5B-8519-4C69-97B7-3D7BCDD3E8AB}.Release|Any CPU.ActiveCfg = Release|Any CPU
		{3AFDFB5B-8519-4C69-97B7-3D7BCDD3E8AB}.Release|Any CPU.Build.0 = Release|Any CPU
		{E920E27B-1D9C-4F6C-95F8-CBFBA91F2788}.Debug|Any CPU.ActiveCfg = Debug|Any CPU
		{E920E27B-1D9C-4F6C-95F8-CBFBA91F2788}.Debug|Any CPU.Build.0 = Debug|Any CPU
		{E920E27B-1D9C-4F6C-95F8-CBFBA91F2788}.Release|Any CPU.ActiveCfg = Release|Any CPU
		{E920E27B-1D9C-4F6C-95F8-CBFBA91F2788}.Release|Any CPU.Build.0 = Release|Any CPU
		{8BA55B70-7FF1-437C-B717-9732FA670BC0}.Debug|Any CPU.ActiveCfg = Debug|Any CPU
		{8BA55B70-7FF1-437C-B717-9732FA670BC0}.Debug|Any CPU.Build.0 = Debug|Any CPU
		{8BA55B70-7FF1-437C-B717-9732FA670BC0}.Release|Any CPU.ActiveCfg = Release|Any CPU
		{8BA55B70-7FF1-437C-B717-9732FA670BC0}.Release|Any CPU.Build.0 = Release|Any CPU
		{E768CAC1-77AA-4E50-BC2B-5F841BE3A2D7}.Debug|Any CPU.ActiveCfg = Debug|Any CPU
		{E768CAC1-77AA-4E50-BC2B-5F841BE3A2D7}.Debug|Any CPU.Build.0 = Debug|Any CPU
		{E768CAC1-77AA-4E50-BC2B-5F841BE3A2D7}.Release|Any CPU.ActiveCfg = Release|Any CPU
		{E768CAC1-77AA-4E50-BC2B-5F841BE3A2D7}.Release|Any CPU.Build.0 = Release|Any CPU
		{237A58D9-71CD-4F24-88D6-C1F1B14E6FC2}.Debug|Any CPU.ActiveCfg = Debug|Any CPU
		{237A58D9-71CD-4F24-88D6-C1F1B14E6FC2}.Debug|Any CPU.Build.0 = Debug|Any CPU
		{237A58D9-71CD-4F24-88D6-C1F1B14E6FC2}.Release|Any CPU.ActiveCfg = Release|Any CPU
		{237A58D9-71CD-4F24-88D6-C1F1B14E6FC2}.Release|Any CPU.Build.0 = Release|Any CPU
		{214BD44D-436B-40E9-82F7-EA0C2CAF601E}.Debug|Any CPU.ActiveCfg = Debug|Any CPU
		{214BD44D-436B-40E9-82F7-EA0C2CAF601E}.Debug|Any CPU.Build.0 = Debug|Any CPU
		{214BD44D-436B-40E9-82F7-EA0C2CAF601E}.Release|Any CPU.ActiveCfg = Release|Any CPU
		{214BD44D-436B-40E9-82F7-EA0C2CAF601E}.Release|Any CPU.Build.0 = Release|Any CPU
		{64438454-3B61-44DF-855B-FA404414ED3F}.Debug|Any CPU.ActiveCfg = Debug|Any CPU
		{64438454-3B61-44DF-855B-FA404414ED3F}.Debug|Any CPU.Build.0 = Debug|Any CPU
		{64438454-3B61-44DF-855B-FA404414ED3F}.Release|Any CPU.ActiveCfg = Release|Any CPU
		{64438454-3B61-44DF-855B-FA404414ED3F}.Release|Any CPU.Build.0 = Release|Any CPU
		{CD56A9BB-ED84-4DCE-880A-40A38D963FAC}.Debug|Any CPU.ActiveCfg = Debug|Any CPU
		{CD56A9BB-ED84-4DCE-880A-40A38D963FAC}.Debug|Any CPU.Build.0 = Debug|Any CPU
		{CD56A9BB-ED84-4DCE-880A-40A38D963FAC}.Release|Any CPU.ActiveCfg = Release|Any CPU
		{CD56A9BB-ED84-4DCE-880A-40A38D963FAC}.Release|Any CPU.Build.0 = Release|Any CPU
		{1F264FBD-9E77-45EA-BDD9-02FD034EB8A4}.Debug|Any CPU.ActiveCfg = Debug|Any CPU
		{1F264FBD-9E77-45EA-BDD9-02FD034EB8A4}.Debug|Any CPU.Build.0 = Debug|Any CPU
		{1F264FBD-9E77-45EA-BDD9-02FD034EB8A4}.Release|Any CPU.ActiveCfg = Release|Any CPU
		{1F264FBD-9E77-45EA-BDD9-02FD034EB8A4}.Release|Any CPU.Build.0 = Release|Any CPU
		{0B35BDC0-2E8B-4D93-8173-B6F346078CFE}.Debug|Any CPU.ActiveCfg = Debug|Any CPU
		{0B35BDC0-2E8B-4D93-8173-B6F346078CFE}.Debug|Any CPU.Build.0 = Debug|Any CPU
		{0B35BDC0-2E8B-4D93-8173-B6F346078CFE}.Release|Any CPU.ActiveCfg = Release|Any CPU
		{0B35BDC0-2E8B-4D93-8173-B6F346078CFE}.Release|Any CPU.Build.0 = Release|Any CPU
		{B650BF27-42DA-48BF-AD77-91FB72A23810}.Debug|Any CPU.ActiveCfg = Debug|Any CPU
		{B650BF27-42DA-48BF-AD77-91FB72A23810}.Debug|Any CPU.Build.0 = Debug|Any CPU
		{B650BF27-42DA-48BF-AD77-91FB72A23810}.Release|Any CPU.ActiveCfg = Release|Any CPU
		{B650BF27-42DA-48BF-AD77-91FB72A23810}.Release|Any CPU.Build.0 = Release|Any CPU
		{DF7B8072-7B7D-433E-BF62-4A0E6BD94B26}.Debug|Any CPU.ActiveCfg = Debug|Any CPU
		{DF7B8072-7B7D-433E-BF62-4A0E6BD94B26}.Debug|Any CPU.Build.0 = Debug|Any CPU
		{DF7B8072-7B7D-433E-BF62-4A0E6BD94B26}.Release|Any CPU.ActiveCfg = Release|Any CPU
		{DF7B8072-7B7D-433E-BF62-4A0E6BD94B26}.Release|Any CPU.Build.0 = Release|Any CPU
		{7DB4970F-4843-432F-A9F0-DE218B5C4DC0}.Debug|Any CPU.ActiveCfg = Debug|Any CPU
		{7DB4970F-4843-432F-A9F0-DE218B5C4DC0}.Debug|Any CPU.Build.0 = Debug|Any CPU
		{7DB4970F-4843-432F-A9F0-DE218B5C4DC0}.Release|Any CPU.ActiveCfg = Release|Any CPU
		{7DB4970F-4843-432F-A9F0-DE218B5C4DC0}.Release|Any CPU.Build.0 = Release|Any CPU
		{D005B6C1-6AD3-42BB-ABF7-81094B462F6A}.Debug|Any CPU.ActiveCfg = Debug|Any CPU
		{D005B6C1-6AD3-42BB-ABF7-81094B462F6A}.Debug|Any CPU.Build.0 = Debug|Any CPU
		{D005B6C1-6AD3-42BB-ABF7-81094B462F6A}.Release|Any CPU.ActiveCfg = Release|Any CPU
		{D005B6C1-6AD3-42BB-ABF7-81094B462F6A}.Release|Any CPU.Build.0 = Release|Any CPU
		{D3DE0AE2-8338-4927-8CDC-F46A55F8ABA0}.Debug|Any CPU.ActiveCfg = Debug|Any CPU
		{D3DE0AE2-8338-4927-8CDC-F46A55F8ABA0}.Debug|Any CPU.Build.0 = Debug|Any CPU
		{D3DE0AE2-8338-4927-8CDC-F46A55F8ABA0}.Release|Any CPU.ActiveCfg = Release|Any CPU
		{D3DE0AE2-8338-4927-8CDC-F46A55F8ABA0}.Release|Any CPU.Build.0 = Release|Any CPU
		{0E26644C-5395-4859-8DEE-81A0712414B3}.Debug|Any CPU.ActiveCfg = Debug|Any CPU
		{0E26644C-5395-4859-8DEE-81A0712414B3}.Debug|Any CPU.Build.0 = Debug|Any CPU
		{0E26644C-5395-4859-8DEE-81A0712414B3}.Release|Any CPU.ActiveCfg = Release|Any CPU
		{0E26644C-5395-4859-8DEE-81A0712414B3}.Release|Any CPU.Build.0 = Release|Any CPU
		{FC054905-E796-4BF1-A8F3-70BEF410ACF8}.Debug|Any CPU.ActiveCfg = Debug|Any CPU
		{FC054905-E796-4BF1-A8F3-70BEF410ACF8}.Debug|Any CPU.Build.0 = Debug|Any CPU
		{FC054905-E796-4BF1-A8F3-70BEF410ACF8}.Release|Any CPU.ActiveCfg = Release|Any CPU
		{FC054905-E796-4BF1-A8F3-70BEF410ACF8}.Release|Any CPU.Build.0 = Release|Any CPU
		{A0A4A06F-4B60-4F49-9E8B-3D4AA49DD051}.Debug|Any CPU.ActiveCfg = Debug|Any CPU
		{A0A4A06F-4B60-4F49-9E8B-3D4AA49DD051}.Debug|Any CPU.Build.0 = Debug|Any CPU
		{A0A4A06F-4B60-4F49-9E8B-3D4AA49DD051}.Release|Any CPU.ActiveCfg = Release|Any CPU
		{A0A4A06F-4B60-4F49-9E8B-3D4AA49DD051}.Release|Any CPU.Build.0 = Release|Any CPU
		{FA55DAD9-3D87-407A-A258-315855B23EC8}.Debug|Any CPU.ActiveCfg = Debug|Any CPU
		{FA55DAD9-3D87-407A-A258-315855B23EC8}.Debug|Any CPU.Build.0 = Debug|Any CPU
		{FA55DAD9-3D87-407A-A258-315855B23EC8}.Release|Any CPU.ActiveCfg = Release|Any CPU
		{FA55DAD9-3D87-407A-A258-315855B23EC8}.Release|Any CPU.Build.0 = Release|Any CPU
		{DACB412D-EEA7-406D-AB97-91525033376D}.Debug|Any CPU.ActiveCfg = Debug|Any CPU
		{DACB412D-EEA7-406D-AB97-91525033376D}.Debug|Any CPU.Build.0 = Debug|Any CPU
		{DACB412D-EEA7-406D-AB97-91525033376D}.Release|Any CPU.ActiveCfg = Release|Any CPU
		{DACB412D-EEA7-406D-AB97-91525033376D}.Release|Any CPU.Build.0 = Release|Any CPU
		{2A5D8013-E5EF-486C-BC99-BDBC0CE0945D}.Debug|Any CPU.ActiveCfg = Debug|Any CPU
		{2A5D8013-E5EF-486C-BC99-BDBC0CE0945D}.Debug|Any CPU.Build.0 = Debug|Any CPU
		{2A5D8013-E5EF-486C-BC99-BDBC0CE0945D}.Release|Any CPU.ActiveCfg = Release|Any CPU
		{2A5D8013-E5EF-486C-BC99-BDBC0CE0945D}.Release|Any CPU.Build.0 = Release|Any CPU
		{C3E5C05C-8002-4111-B9BB-DDA0241F8D3B}.Debug|Any CPU.ActiveCfg = Debug|Any CPU
		{C3E5C05C-8002-4111-B9BB-DDA0241F8D3B}.Debug|Any CPU.Build.0 = Debug|Any CPU
		{C3E5C05C-8002-4111-B9BB-DDA0241F8D3B}.Release|Any CPU.ActiveCfg = Release|Any CPU
		{C3E5C05C-8002-4111-B9BB-DDA0241F8D3B}.Release|Any CPU.Build.0 = Release|Any CPU
		{4EA8C08C-2DE0-43DE-981F-662A42E90170}.Debug|Any CPU.ActiveCfg = Debug|Any CPU
		{4EA8C08C-2DE0-43DE-981F-662A42E90170}.Debug|Any CPU.Build.0 = Debug|Any CPU
		{4EA8C08C-2DE0-43DE-981F-662A42E90170}.Release|Any CPU.ActiveCfg = Release|Any CPU
		{4EA8C08C-2DE0-43DE-981F-662A42E90170}.Release|Any CPU.Build.0 = Release|Any CPU
		{8B87778F-9B47-4A61-9342-361CF19E4F6A}.Debug|Any CPU.ActiveCfg = Debug|Any CPU
		{8B87778F-9B47-4A61-9342-361CF19E4F6A}.Debug|Any CPU.Build.0 = Debug|Any CPU
		{8B87778F-9B47-4A61-9342-361CF19E4F6A}.Release|Any CPU.ActiveCfg = Release|Any CPU
		{8B87778F-9B47-4A61-9342-361CF19E4F6A}.Release|Any CPU.Build.0 = Release|Any CPU
		{A04D3BBB-4051-48E9-B17C-A327271B2539}.Debug|Any CPU.ActiveCfg = Debug|Any CPU
		{A04D3BBB-4051-48E9-B17C-A327271B2539}.Debug|Any CPU.Build.0 = Debug|Any CPU
		{A04D3BBB-4051-48E9-B17C-A327271B2539}.Release|Any CPU.ActiveCfg = Release|Any CPU
		{A04D3BBB-4051-48E9-B17C-A327271B2539}.Release|Any CPU.Build.0 = Release|Any CPU
		{1BB97228-CF0E-4303-9A6A-8125C1FF6FDC}.Debug|Any CPU.ActiveCfg = Debug|Any CPU
		{1BB97228-CF0E-4303-9A6A-8125C1FF6FDC}.Debug|Any CPU.Build.0 = Debug|Any CPU
		{1BB97228-CF0E-4303-9A6A-8125C1FF6FDC}.Release|Any CPU.ActiveCfg = Release|Any CPU
		{1BB97228-CF0E-4303-9A6A-8125C1FF6FDC}.Release|Any CPU.Build.0 = Release|Any CPU
		{EBC4627A-2596-4D85-A891-E85051547F09}.Debug|Any CPU.ActiveCfg = Debug|Any CPU
		{EBC4627A-2596-4D85-A891-E85051547F09}.Debug|Any CPU.Build.0 = Debug|Any CPU
		{EBC4627A-2596-4D85-A891-E85051547F09}.Release|Any CPU.ActiveCfg = Release|Any CPU
		{EBC4627A-2596-4D85-A891-E85051547F09}.Release|Any CPU.Build.0 = Release|Any CPU
		{3FD3628D-F06C-4F77-914E-9673A8A6A003}.Debug|Any CPU.ActiveCfg = Debug|Any CPU
		{3FD3628D-F06C-4F77-914E-9673A8A6A003}.Debug|Any CPU.Build.0 = Debug|Any CPU
		{3FD3628D-F06C-4F77-914E-9673A8A6A003}.Release|Any CPU.ActiveCfg = Release|Any CPU
		{3FD3628D-F06C-4F77-914E-9673A8A6A003}.Release|Any CPU.Build.0 = Release|Any CPU
		{AD1B379F-5F65-4B1D-B12F-9367022395D8}.Debug|Any CPU.ActiveCfg = Debug|Any CPU
		{AD1B379F-5F65-4B1D-B12F-9367022395D8}.Debug|Any CPU.Build.0 = Debug|Any CPU
		{AD1B379F-5F65-4B1D-B12F-9367022395D8}.Release|Any CPU.ActiveCfg = Release|Any CPU
		{AD1B379F-5F65-4B1D-B12F-9367022395D8}.Release|Any CPU.Build.0 = Release|Any CPU
		{BEAD3D52-7780-4B2D-B0AB-342145903536}.Debug|Any CPU.ActiveCfg = Debug|Any CPU
		{BEAD3D52-7780-4B2D-B0AB-342145903536}.Debug|Any CPU.Build.0 = Debug|Any CPU
		{BEAD3D52-7780-4B2D-B0AB-342145903536}.Release|Any CPU.ActiveCfg = Release|Any CPU
		{BEAD3D52-7780-4B2D-B0AB-342145903536}.Release|Any CPU.Build.0 = Release|Any CPU
		{E0D8E7DC-F1D8-4C62-A391-2F6658EC8C2B}.Debug|Any CPU.ActiveCfg = Debug|Any CPU
		{E0D8E7DC-F1D8-4C62-A391-2F6658EC8C2B}.Debug|Any CPU.Build.0 = Debug|Any CPU
		{E0D8E7DC-F1D8-4C62-A391-2F6658EC8C2B}.Release|Any CPU.ActiveCfg = Release|Any CPU
		{E0D8E7DC-F1D8-4C62-A391-2F6658EC8C2B}.Release|Any CPU.Build.0 = Release|Any CPU
		{B89525EB-DA2B-4050-AF72-B59E90237D51}.Debug|Any CPU.ActiveCfg = Debug|Any CPU
		{B89525EB-DA2B-4050-AF72-B59E90237D51}.Debug|Any CPU.Build.0 = Debug|Any CPU
		{B89525EB-DA2B-4050-AF72-B59E90237D51}.Release|Any CPU.ActiveCfg = Release|Any CPU
		{B89525EB-DA2B-4050-AF72-B59E90237D51}.Release|Any CPU.Build.0 = Release|Any CPU
		{4F7866DE-A2F5-4A1E-9019-8B703548C214}.Debug|Any CPU.ActiveCfg = Debug|Any CPU
		{4F7866DE-A2F5-4A1E-9019-8B703548C214}.Debug|Any CPU.Build.0 = Debug|Any CPU
		{4F7866DE-A2F5-4A1E-9019-8B703548C214}.Release|Any CPU.ActiveCfg = Release|Any CPU
		{4F7866DE-A2F5-4A1E-9019-8B703548C214}.Release|Any CPU.Build.0 = Release|Any CPU
		{03B8B2A5-C39E-4690-9780-A221F911A9F6}.Debug|Any CPU.ActiveCfg = Debug|Any CPU
		{03B8B2A5-C39E-4690-9780-A221F911A9F6}.Debug|Any CPU.Build.0 = Debug|Any CPU
		{03B8B2A5-C39E-4690-9780-A221F911A9F6}.Release|Any CPU.ActiveCfg = Release|Any CPU
		{03B8B2A5-C39E-4690-9780-A221F911A9F6}.Release|Any CPU.Build.0 = Release|Any CPU
		{63AC0F9D-534A-40A3-AC43-51D11CE9E44B}.Debug|Any CPU.ActiveCfg = Debug|Any CPU
		{63AC0F9D-534A-40A3-AC43-51D11CE9E44B}.Debug|Any CPU.Build.0 = Debug|Any CPU
		{63AC0F9D-534A-40A3-AC43-51D11CE9E44B}.Release|Any CPU.ActiveCfg = Release|Any CPU
		{63AC0F9D-534A-40A3-AC43-51D11CE9E44B}.Release|Any CPU.Build.0 = Release|Any CPU
		{D4B2B340-CE3E-4197-AF34-629A61D99FFB}.Debug|Any CPU.ActiveCfg = Debug|Any CPU
		{D4B2B340-CE3E-4197-AF34-629A61D99FFB}.Debug|Any CPU.Build.0 = Debug|Any CPU
		{D4B2B340-CE3E-4197-AF34-629A61D99FFB}.Release|Any CPU.ActiveCfg = Release|Any CPU
		{D4B2B340-CE3E-4197-AF34-629A61D99FFB}.Release|Any CPU.Build.0 = Release|Any CPU
		{0345A5B4-1F41-4896-A61E-9FA730ED0A95}.Debug|Any CPU.ActiveCfg = Debug|Any CPU
		{0345A5B4-1F41-4896-A61E-9FA730ED0A95}.Debug|Any CPU.Build.0 = Debug|Any CPU
		{0345A5B4-1F41-4896-A61E-9FA730ED0A95}.Release|Any CPU.ActiveCfg = Release|Any CPU
		{0345A5B4-1F41-4896-A61E-9FA730ED0A95}.Release|Any CPU.Build.0 = Release|Any CPU
		{F4E071BF-5129-482A-BEEA-E892A912C79B}.Debug|Any CPU.ActiveCfg = Debug|Any CPU
		{F4E071BF-5129-482A-BEEA-E892A912C79B}.Debug|Any CPU.Build.0 = Debug|Any CPU
		{F4E071BF-5129-482A-BEEA-E892A912C79B}.Release|Any CPU.ActiveCfg = Release|Any CPU
		{F4E071BF-5129-482A-BEEA-E892A912C79B}.Release|Any CPU.Build.0 = Release|Any CPU
		{C98C1D2F-135F-469D-997E-C67CE0B94530}.Debug|Any CPU.ActiveCfg = Debug|Any CPU
		{C98C1D2F-135F-469D-997E-C67CE0B94530}.Debug|Any CPU.Build.0 = Debug|Any CPU
		{C98C1D2F-135F-469D-997E-C67CE0B94530}.Release|Any CPU.ActiveCfg = Release|Any CPU
		{C98C1D2F-135F-469D-997E-C67CE0B94530}.Release|Any CPU.Build.0 = Release|Any CPU
		{24AF372C-959C-409B-9229-5F10544FAE82}.Debug|Any CPU.ActiveCfg = Debug|Any CPU
		{24AF372C-959C-409B-9229-5F10544FAE82}.Debug|Any CPU.Build.0 = Debug|Any CPU
		{24AF372C-959C-409B-9229-5F10544FAE82}.Release|Any CPU.ActiveCfg = Release|Any CPU
		{24AF372C-959C-409B-9229-5F10544FAE82}.Release|Any CPU.Build.0 = Release|Any CPU
		{C31F4AE5-2443-44B4-8E9C-E04DE0ACBA62}.Debug|Any CPU.ActiveCfg = Debug|Any CPU
		{C31F4AE5-2443-44B4-8E9C-E04DE0ACBA62}.Debug|Any CPU.Build.0 = Debug|Any CPU
		{C31F4AE5-2443-44B4-8E9C-E04DE0ACBA62}.Release|Any CPU.ActiveCfg = Release|Any CPU
		{C31F4AE5-2443-44B4-8E9C-E04DE0ACBA62}.Release|Any CPU.Build.0 = Release|Any CPU
		{A1467F01-A196-48C7-839A-90D9181402F5}.Debug|Any CPU.ActiveCfg = Debug|Any CPU
		{A1467F01-A196-48C7-839A-90D9181402F5}.Debug|Any CPU.Build.0 = Debug|Any CPU
		{A1467F01-A196-48C7-839A-90D9181402F5}.Release|Any CPU.ActiveCfg = Release|Any CPU
		{A1467F01-A196-48C7-839A-90D9181402F5}.Release|Any CPU.Build.0 = Release|Any CPU
		{19F56DFC-4632-46BE-BC8C-D92570FAD42E}.Debug|Any CPU.ActiveCfg = Debug|Any CPU
		{19F56DFC-4632-46BE-BC8C-D92570FAD42E}.Debug|Any CPU.Build.0 = Debug|Any CPU
		{19F56DFC-4632-46BE-BC8C-D92570FAD42E}.Release|Any CPU.ActiveCfg = Release|Any CPU
		{19F56DFC-4632-46BE-BC8C-D92570FAD42E}.Release|Any CPU.Build.0 = Release|Any CPU
		{AB6877C4-0C4B-43A3-98EC-EC782142B741}.Debug|Any CPU.ActiveCfg = Debug|Any CPU
		{AB6877C4-0C4B-43A3-98EC-EC782142B741}.Debug|Any CPU.Build.0 = Debug|Any CPU
		{AB6877C4-0C4B-43A3-98EC-EC782142B741}.Release|Any CPU.ActiveCfg = Release|Any CPU
		{AB6877C4-0C4B-43A3-98EC-EC782142B741}.Release|Any CPU.Build.0 = Release|Any CPU
		{51E0CD3B-62EE-4987-B8AC-DD72A7AD8EB1}.Debug|Any CPU.ActiveCfg = Debug|Any CPU
		{51E0CD3B-62EE-4987-B8AC-DD72A7AD8EB1}.Debug|Any CPU.Build.0 = Debug|Any CPU
		{51E0CD3B-62EE-4987-B8AC-DD72A7AD8EB1}.Release|Any CPU.ActiveCfg = Release|Any CPU
		{51E0CD3B-62EE-4987-B8AC-DD72A7AD8EB1}.Release|Any CPU.Build.0 = Release|Any CPU
		{3F1F25E7-062A-49FA-8100-BBE3D76058BA}.Debug|Any CPU.ActiveCfg = Debug|Any CPU
		{3F1F25E7-062A-49FA-8100-BBE3D76058BA}.Debug|Any CPU.Build.0 = Debug|Any CPU
		{3F1F25E7-062A-49FA-8100-BBE3D76058BA}.Release|Any CPU.ActiveCfg = Release|Any CPU
		{3F1F25E7-062A-49FA-8100-BBE3D76058BA}.Release|Any CPU.Build.0 = Release|Any CPU
		{7A6D1D7F-FD5F-4181-B7C1-3776312C84B3}.Debug|Any CPU.ActiveCfg = Debug|Any CPU
		{7A6D1D7F-FD5F-4181-B7C1-3776312C84B3}.Debug|Any CPU.Build.0 = Debug|Any CPU
		{7A6D1D7F-FD5F-4181-B7C1-3776312C84B3}.Release|Any CPU.ActiveCfg = Release|Any CPU
		{7A6D1D7F-FD5F-4181-B7C1-3776312C84B3}.Release|Any CPU.Build.0 = Release|Any CPU
		{AFCB1FE7-BA9A-431F-9F06-C7712D026B13}.Debug|Any CPU.ActiveCfg = Debug|Any CPU
		{AFCB1FE7-BA9A-431F-9F06-C7712D026B13}.Debug|Any CPU.Build.0 = Debug|Any CPU
		{AFCB1FE7-BA9A-431F-9F06-C7712D026B13}.Release|Any CPU.ActiveCfg = Release|Any CPU
		{AFCB1FE7-BA9A-431F-9F06-C7712D026B13}.Release|Any CPU.Build.0 = Release|Any CPU
		{A34C7D4A-9D43-42A6-B001-308B3FAEA839}.Debug|Any CPU.ActiveCfg = Debug|Any CPU
		{A34C7D4A-9D43-42A6-B001-308B3FAEA839}.Debug|Any CPU.Build.0 = Debug|Any CPU
		{A34C7D4A-9D43-42A6-B001-308B3FAEA839}.Release|Any CPU.ActiveCfg = Release|Any CPU
		{A34C7D4A-9D43-42A6-B001-308B3FAEA839}.Release|Any CPU.Build.0 = Release|Any CPU
		{9081B315-0C3B-4708-9A90-6F2B70CFEA23}.Debug|Any CPU.ActiveCfg = Debug|Any CPU
		{9081B315-0C3B-4708-9A90-6F2B70CFEA23}.Debug|Any CPU.Build.0 = Debug|Any CPU
		{9081B315-0C3B-4708-9A90-6F2B70CFEA23}.Release|Any CPU.ActiveCfg = Release|Any CPU
		{9081B315-0C3B-4708-9A90-6F2B70CFEA23}.Release|Any CPU.Build.0 = Release|Any CPU
		{24366A84-AC54-4143-A281-583EA67908D5}.Debug|Any CPU.ActiveCfg = Debug|Any CPU
		{24366A84-AC54-4143-A281-583EA67908D5}.Debug|Any CPU.Build.0 = Debug|Any CPU
		{24366A84-AC54-4143-A281-583EA67908D5}.Release|Any CPU.ActiveCfg = Release|Any CPU
		{24366A84-AC54-4143-A281-583EA67908D5}.Release|Any CPU.Build.0 = Release|Any CPU
		{533C5322-8054-4458-B98D-AD2A189AEF06}.Debug|Any CPU.ActiveCfg = Debug|Any CPU
		{533C5322-8054-4458-B98D-AD2A189AEF06}.Debug|Any CPU.Build.0 = Debug|Any CPU
		{533C5322-8054-4458-B98D-AD2A189AEF06}.Release|Any CPU.ActiveCfg = Release|Any CPU
		{533C5322-8054-4458-B98D-AD2A189AEF06}.Release|Any CPU.Build.0 = Release|Any CPU
		{C9B52B97-4174-4610-A912-6230A6BC7509}.Debug|Any CPU.ActiveCfg = Debug|Any CPU
		{C9B52B97-4174-4610-A912-6230A6BC7509}.Debug|Any CPU.Build.0 = Debug|Any CPU
		{C9B52B97-4174-4610-A912-6230A6BC7509}.Release|Any CPU.ActiveCfg = Release|Any CPU
		{C9B52B97-4174-4610-A912-6230A6BC7509}.Release|Any CPU.Build.0 = Release|Any CPU
		{32C09176-7F47-4C36-90A5-5297897A98CC}.Debug|Any CPU.ActiveCfg = Debug|Any CPU
		{32C09176-7F47-4C36-90A5-5297897A98CC}.Debug|Any CPU.Build.0 = Debug|Any CPU
		{32C09176-7F47-4C36-90A5-5297897A98CC}.Release|Any CPU.ActiveCfg = Release|Any CPU
		{32C09176-7F47-4C36-90A5-5297897A98CC}.Release|Any CPU.Build.0 = Release|Any CPU
		{EB2A6262-EC80-459F-B588-F6A46F543013}.Debug|Any CPU.ActiveCfg = Debug|Any CPU
		{EB2A6262-EC80-459F-B588-F6A46F543013}.Debug|Any CPU.Build.0 = Debug|Any CPU
		{EB2A6262-EC80-459F-B588-F6A46F543013}.Release|Any CPU.ActiveCfg = Release|Any CPU
		{EB2A6262-EC80-459F-B588-F6A46F543013}.Release|Any CPU.Build.0 = Release|Any CPU
		{CC438B0E-F9E4-4EE5-AE4A-B89E1AB21C81}.Debug|Any CPU.ActiveCfg = Debug|Any CPU
		{CC438B0E-F9E4-4EE5-AE4A-B89E1AB21C81}.Debug|Any CPU.Build.0 = Debug|Any CPU
		{CC438B0E-F9E4-4EE5-AE4A-B89E1AB21C81}.Release|Any CPU.ActiveCfg = Release|Any CPU
		{CC438B0E-F9E4-4EE5-AE4A-B89E1AB21C81}.Release|Any CPU.Build.0 = Release|Any CPU
		{371F8778-6A4D-4D0F-A408-EDC078B24FEC}.Debug|Any CPU.ActiveCfg = Debug|Any CPU
		{371F8778-6A4D-4D0F-A408-EDC078B24FEC}.Debug|Any CPU.Build.0 = Debug|Any CPU
		{371F8778-6A4D-4D0F-A408-EDC078B24FEC}.Release|Any CPU.ActiveCfg = Release|Any CPU
		{371F8778-6A4D-4D0F-A408-EDC078B24FEC}.Release|Any CPU.Build.0 = Release|Any CPU
		{4F86FFF5-3ABE-4A16-BF52-B1A3C86DEE19}.Debug|Any CPU.ActiveCfg = Debug|Any CPU
		{4F86FFF5-3ABE-4A16-BF52-B1A3C86DEE19}.Debug|Any CPU.Build.0 = Debug|Any CPU
		{4F86FFF5-3ABE-4A16-BF52-B1A3C86DEE19}.Release|Any CPU.ActiveCfg = Release|Any CPU
		{4F86FFF5-3ABE-4A16-BF52-B1A3C86DEE19}.Release|Any CPU.Build.0 = Release|Any CPU
		{299C7774-30BF-4B2A-997D-3BC4EF36E710}.Debug|Any CPU.ActiveCfg = Debug|Any CPU
		{299C7774-30BF-4B2A-997D-3BC4EF36E710}.Debug|Any CPU.Build.0 = Debug|Any CPU
		{299C7774-30BF-4B2A-997D-3BC4EF36E710}.Release|Any CPU.ActiveCfg = Release|Any CPU
		{299C7774-30BF-4B2A-997D-3BC4EF36E710}.Release|Any CPU.Build.0 = Release|Any CPU
		{6898CCB5-FA39-497B-AE3E-A8A5838A2D6E}.Debug|Any CPU.ActiveCfg = Debug|Any CPU
		{6898CCB5-FA39-497B-AE3E-A8A5838A2D6E}.Debug|Any CPU.Build.0 = Debug|Any CPU
		{6898CCB5-FA39-497B-AE3E-A8A5838A2D6E}.Release|Any CPU.ActiveCfg = Release|Any CPU
		{6898CCB5-FA39-497B-AE3E-A8A5838A2D6E}.Release|Any CPU.Build.0 = Release|Any CPU
		{806DE998-A1F8-4D49-BA22-9529066168F8}.Debug|Any CPU.ActiveCfg = Debug|Any CPU
		{806DE998-A1F8-4D49-BA22-9529066168F8}.Debug|Any CPU.Build.0 = Debug|Any CPU
		{806DE998-A1F8-4D49-BA22-9529066168F8}.Release|Any CPU.ActiveCfg = Release|Any CPU
		{806DE998-A1F8-4D49-BA22-9529066168F8}.Release|Any CPU.Build.0 = Release|Any CPU
		{2D1C1C95-890E-4688-8063-702DCA63616A}.Debug|Any CPU.ActiveCfg = Debug|Any CPU
		{2D1C1C95-890E-4688-8063-702DCA63616A}.Debug|Any CPU.Build.0 = Debug|Any CPU
		{2D1C1C95-890E-4688-8063-702DCA63616A}.Release|Any CPU.ActiveCfg = Release|Any CPU
		{2D1C1C95-890E-4688-8063-702DCA63616A}.Release|Any CPU.Build.0 = Release|Any CPU
		{406BA663-669B-42BF-B4B3-727EF3CDC9C7}.Debug|Any CPU.ActiveCfg = Debug|Any CPU
		{406BA663-669B-42BF-B4B3-727EF3CDC9C7}.Debug|Any CPU.Build.0 = Debug|Any CPU
		{406BA663-669B-42BF-B4B3-727EF3CDC9C7}.Release|Any CPU.ActiveCfg = Release|Any CPU
		{406BA663-669B-42BF-B4B3-727EF3CDC9C7}.Release|Any CPU.Build.0 = Release|Any CPU
		{44582DCE-35D5-4B0A-9223-946FDE67EC00}.Debug|Any CPU.ActiveCfg = Debug|Any CPU
		{44582DCE-35D5-4B0A-9223-946FDE67EC00}.Debug|Any CPU.Build.0 = Debug|Any CPU
		{44582DCE-35D5-4B0A-9223-946FDE67EC00}.Release|Any CPU.ActiveCfg = Release|Any CPU
		{44582DCE-35D5-4B0A-9223-946FDE67EC00}.Release|Any CPU.Build.0 = Release|Any CPU
		{CE3A4B6A-CB12-449B-9399-C2DED106E03A}.Debug|Any CPU.ActiveCfg = Debug|Any CPU
		{CE3A4B6A-CB12-449B-9399-C2DED106E03A}.Debug|Any CPU.Build.0 = Debug|Any CPU
		{CE3A4B6A-CB12-449B-9399-C2DED106E03A}.Release|Any CPU.ActiveCfg = Release|Any CPU
		{CE3A4B6A-CB12-449B-9399-C2DED106E03A}.Release|Any CPU.Build.0 = Release|Any CPU
		{71E34787-5CCB-4809-829F-3EE336D31804}.Debug|Any CPU.ActiveCfg = Debug|Any CPU
		{71E34787-5CCB-4809-829F-3EE336D31804}.Debug|Any CPU.Build.0 = Debug|Any CPU
		{71E34787-5CCB-4809-829F-3EE336D31804}.Release|Any CPU.ActiveCfg = Release|Any CPU
		{71E34787-5CCB-4809-829F-3EE336D31804}.Release|Any CPU.Build.0 = Release|Any CPU
		{02F97919-013C-413A-8F8B-47F57173E784}.Debug|Any CPU.ActiveCfg = Debug|Any CPU
		{02F97919-013C-413A-8F8B-47F57173E784}.Debug|Any CPU.Build.0 = Debug|Any CPU
		{02F97919-013C-413A-8F8B-47F57173E784}.Release|Any CPU.ActiveCfg = Release|Any CPU
		{02F97919-013C-413A-8F8B-47F57173E784}.Release|Any CPU.Build.0 = Release|Any CPU
		{FE085054-410D-43D3-A067-F4EE2BF14B6C}.Debug|Any CPU.ActiveCfg = Debug|Any CPU
		{FE085054-410D-43D3-A067-F4EE2BF14B6C}.Debug|Any CPU.Build.0 = Debug|Any CPU
		{FE085054-410D-43D3-A067-F4EE2BF14B6C}.Release|Any CPU.ActiveCfg = Release|Any CPU
		{FE085054-410D-43D3-A067-F4EE2BF14B6C}.Release|Any CPU.Build.0 = Release|Any CPU
		{DAB43948-AB6C-4C6F-ACE5-A3F73FD11977}.Debug|Any CPU.ActiveCfg = Debug|Any CPU
		{DAB43948-AB6C-4C6F-ACE5-A3F73FD11977}.Debug|Any CPU.Build.0 = Debug|Any CPU
		{DAB43948-AB6C-4C6F-ACE5-A3F73FD11977}.Release|Any CPU.ActiveCfg = Release|Any CPU
		{DAB43948-AB6C-4C6F-ACE5-A3F73FD11977}.Release|Any CPU.Build.0 = Release|Any CPU
		{F279F909-40D8-4243-9B85-1A9E9D729A9C}.Debug|Any CPU.ActiveCfg = Debug|Any CPU
		{F279F909-40D8-4243-9B85-1A9E9D729A9C}.Debug|Any CPU.Build.0 = Debug|Any CPU
		{F279F909-40D8-4243-9B85-1A9E9D729A9C}.Release|Any CPU.ActiveCfg = Release|Any CPU
		{F279F909-40D8-4243-9B85-1A9E9D729A9C}.Release|Any CPU.Build.0 = Release|Any CPU
		{65A6F1C4-16D3-4D6A-805B-02E192495B54}.Debug|Any CPU.ActiveCfg = Debug|Any CPU
		{65A6F1C4-16D3-4D6A-805B-02E192495B54}.Debug|Any CPU.Build.0 = Debug|Any CPU
		{65A6F1C4-16D3-4D6A-805B-02E192495B54}.Release|Any CPU.ActiveCfg = Release|Any CPU
		{65A6F1C4-16D3-4D6A-805B-02E192495B54}.Release|Any CPU.Build.0 = Release|Any CPU
		{9826BB8C-9AA7-4F20-A31D-6784A2460266}.Debug|Any CPU.ActiveCfg = Debug|Any CPU
		{9826BB8C-9AA7-4F20-A31D-6784A2460266}.Debug|Any CPU.Build.0 = Debug|Any CPU
		{9826BB8C-9AA7-4F20-A31D-6784A2460266}.Release|Any CPU.ActiveCfg = Release|Any CPU
		{9826BB8C-9AA7-4F20-A31D-6784A2460266}.Release|Any CPU.Build.0 = Release|Any CPU
		{0E093DDD-731F-479C-858F-1CD1253C3081}.Debug|Any CPU.ActiveCfg = Debug|Any CPU
		{0E093DDD-731F-479C-858F-1CD1253C3081}.Debug|Any CPU.Build.0 = Debug|Any CPU
		{0E093DDD-731F-479C-858F-1CD1253C3081}.Release|Any CPU.ActiveCfg = Release|Any CPU
		{0E093DDD-731F-479C-858F-1CD1253C3081}.Release|Any CPU.Build.0 = Release|Any CPU
		{6DC7E629-849C-42D8-AA7C-938997EAD01E}.Debug|Any CPU.ActiveCfg = Debug|Any CPU
		{6DC7E629-849C-42D8-AA7C-938997EAD01E}.Debug|Any CPU.Build.0 = Debug|Any CPU
		{6DC7E629-849C-42D8-AA7C-938997EAD01E}.Release|Any CPU.ActiveCfg = Release|Any CPU
		{6DC7E629-849C-42D8-AA7C-938997EAD01E}.Release|Any CPU.Build.0 = Release|Any CPU
		{B9A5E61E-655F-4BDF-85FC-F5E2C43DB9B5}.Debug|Any CPU.ActiveCfg = Debug|Any CPU
		{B9A5E61E-655F-4BDF-85FC-F5E2C43DB9B5}.Debug|Any CPU.Build.0 = Debug|Any CPU
		{B9A5E61E-655F-4BDF-85FC-F5E2C43DB9B5}.Release|Any CPU.ActiveCfg = Release|Any CPU
		{B9A5E61E-655F-4BDF-85FC-F5E2C43DB9B5}.Release|Any CPU.Build.0 = Release|Any CPU
		{952F58F0-A250-412D-8A3B-0C78CB853DFE}.Debug|Any CPU.ActiveCfg = Debug|Any CPU
		{952F58F0-A250-412D-8A3B-0C78CB853DFE}.Debug|Any CPU.Build.0 = Debug|Any CPU
		{952F58F0-A250-412D-8A3B-0C78CB853DFE}.Release|Any CPU.ActiveCfg = Release|Any CPU
		{952F58F0-A250-412D-8A3B-0C78CB853DFE}.Release|Any CPU.Build.0 = Release|Any CPU
		{44EE4CC8-8539-4024-B39A-78B2E9B460EE}.Debug|Any CPU.ActiveCfg = Debug|Any CPU
		{44EE4CC8-8539-4024-B39A-78B2E9B460EE}.Debug|Any CPU.Build.0 = Debug|Any CPU
		{44EE4CC8-8539-4024-B39A-78B2E9B460EE}.Release|Any CPU.ActiveCfg = Release|Any CPU
		{44EE4CC8-8539-4024-B39A-78B2E9B460EE}.Release|Any CPU.Build.0 = Release|Any CPU
		{C09FF6E5-83DF-4C4C-B548-062FE1AE41F4}.Debug|Any CPU.ActiveCfg = Debug|Any CPU
		{C09FF6E5-83DF-4C4C-B548-062FE1AE41F4}.Debug|Any CPU.Build.0 = Debug|Any CPU
		{C09FF6E5-83DF-4C4C-B548-062FE1AE41F4}.Release|Any CPU.ActiveCfg = Release|Any CPU
		{C09FF6E5-83DF-4C4C-B548-062FE1AE41F4}.Release|Any CPU.Build.0 = Release|Any CPU
		{63658A0C-1FE0-42B1-85F4-33F7DDEF26E3}.Debug|Any CPU.ActiveCfg = Debug|Any CPU
		{63658A0C-1FE0-42B1-85F4-33F7DDEF26E3}.Debug|Any CPU.Build.0 = Debug|Any CPU
		{63658A0C-1FE0-42B1-85F4-33F7DDEF26E3}.Release|Any CPU.ActiveCfg = Release|Any CPU
		{63658A0C-1FE0-42B1-85F4-33F7DDEF26E3}.Release|Any CPU.Build.0 = Release|Any CPU
		{9D44E83F-F04E-496E-BD6F-ABAA6947B82A}.Debug|Any CPU.ActiveCfg = Debug|Any CPU
		{9D44E83F-F04E-496E-BD6F-ABAA6947B82A}.Debug|Any CPU.Build.0 = Debug|Any CPU
		{9D44E83F-F04E-496E-BD6F-ABAA6947B82A}.Release|Any CPU.ActiveCfg = Release|Any CPU
		{9D44E83F-F04E-496E-BD6F-ABAA6947B82A}.Release|Any CPU.Build.0 = Release|Any CPU
		{F3BF13E6-6154-4644-B403-B7664CF938FF}.Debug|Any CPU.ActiveCfg = Debug|Any CPU
		{F3BF13E6-6154-4644-B403-B7664CF938FF}.Debug|Any CPU.Build.0 = Debug|Any CPU
		{F3BF13E6-6154-4644-B403-B7664CF938FF}.Release|Any CPU.ActiveCfg = Release|Any CPU
		{F3BF13E6-6154-4644-B403-B7664CF938FF}.Release|Any CPU.Build.0 = Release|Any CPU
		{B5135C99-9C44-4E36-AB4D-D8F5B38F1942}.Debug|Any CPU.ActiveCfg = Debug|Any CPU
		{B5135C99-9C44-4E36-AB4D-D8F5B38F1942}.Debug|Any CPU.Build.0 = Debug|Any CPU
		{B5135C99-9C44-4E36-AB4D-D8F5B38F1942}.Release|Any CPU.ActiveCfg = Release|Any CPU
		{B5135C99-9C44-4E36-AB4D-D8F5B38F1942}.Release|Any CPU.Build.0 = Release|Any CPU
		{FD9DC6F8-7A9D-41A9-A572-836B6BB08FA4}.Debug|Any CPU.ActiveCfg = Debug|Any CPU
		{FD9DC6F8-7A9D-41A9-A572-836B6BB08FA4}.Debug|Any CPU.Build.0 = Debug|Any CPU
		{FD9DC6F8-7A9D-41A9-A572-836B6BB08FA4}.Release|Any CPU.ActiveCfg = Release|Any CPU
		{FD9DC6F8-7A9D-41A9-A572-836B6BB08FA4}.Release|Any CPU.Build.0 = Release|Any CPU
		{26243823-9ECE-484D-83CD-22CDEF394B85}.Debug|Any CPU.ActiveCfg = Debug|Any CPU
		{26243823-9ECE-484D-83CD-22CDEF394B85}.Debug|Any CPU.Build.0 = Debug|Any CPU
		{26243823-9ECE-484D-83CD-22CDEF394B85}.Release|Any CPU.ActiveCfg = Release|Any CPU
		{26243823-9ECE-484D-83CD-22CDEF394B85}.Release|Any CPU.Build.0 = Release|Any CPU
		{BB6E62D8-84F6-4AC0-A635-C1ABE31B9EC8}.Debug|Any CPU.ActiveCfg = Debug|Any CPU
		{BB6E62D8-84F6-4AC0-A635-C1ABE31B9EC8}.Debug|Any CPU.Build.0 = Debug|Any CPU
		{BB6E62D8-84F6-4AC0-A635-C1ABE31B9EC8}.Release|Any CPU.ActiveCfg = Release|Any CPU
		{BB6E62D8-84F6-4AC0-A635-C1ABE31B9EC8}.Release|Any CPU.Build.0 = Release|Any CPU
		{14880326-29A3-4FCC-B388-B16B1D472959}.Debug|Any CPU.ActiveCfg = Debug|Any CPU
		{14880326-29A3-4FCC-B388-B16B1D472959}.Debug|Any CPU.Build.0 = Debug|Any CPU
		{14880326-29A3-4FCC-B388-B16B1D472959}.Release|Any CPU.ActiveCfg = Release|Any CPU
		{14880326-29A3-4FCC-B388-B16B1D472959}.Release|Any CPU.Build.0 = Release|Any CPU
		{DFAA4910-92F5-4F8C-9ECC-83472B3CC042}.Debug|Any CPU.ActiveCfg = Debug|Any CPU
		{DFAA4910-92F5-4F8C-9ECC-83472B3CC042}.Debug|Any CPU.Build.0 = Debug|Any CPU
		{DFAA4910-92F5-4F8C-9ECC-83472B3CC042}.Release|Any CPU.ActiveCfg = Release|Any CPU
		{DFAA4910-92F5-4F8C-9ECC-83472B3CC042}.Release|Any CPU.Build.0 = Release|Any CPU
		{AE23A316-A5AE-4BBE-AC2A-8E1BAE541065}.Debug|Any CPU.ActiveCfg = Debug|Any CPU
		{AE23A316-A5AE-4BBE-AC2A-8E1BAE541065}.Debug|Any CPU.Build.0 = Debug|Any CPU
		{AE23A316-A5AE-4BBE-AC2A-8E1BAE541065}.Release|Any CPU.ActiveCfg = Release|Any CPU
		{AE23A316-A5AE-4BBE-AC2A-8E1BAE541065}.Release|Any CPU.Build.0 = Release|Any CPU
		{33997D4F-B426-4842-BCFD-D779497B65D8}.Debug|Any CPU.ActiveCfg = Debug|Any CPU
		{33997D4F-B426-4842-BCFD-D779497B65D8}.Debug|Any CPU.Build.0 = Debug|Any CPU
		{33997D4F-B426-4842-BCFD-D779497B65D8}.Release|Any CPU.ActiveCfg = Release|Any CPU
		{33997D4F-B426-4842-BCFD-D779497B65D8}.Release|Any CPU.Build.0 = Release|Any CPU
		{A6A9F893-B48E-4F2C-ACC1-3327A1B36C51}.Debug|Any CPU.ActiveCfg = Debug|Any CPU
		{A6A9F893-B48E-4F2C-ACC1-3327A1B36C51}.Debug|Any CPU.Build.0 = Debug|Any CPU
		{A6A9F893-B48E-4F2C-ACC1-3327A1B36C51}.Release|Any CPU.ActiveCfg = Release|Any CPU
		{A6A9F893-B48E-4F2C-ACC1-3327A1B36C51}.Release|Any CPU.Build.0 = Release|Any CPU
		{38AA284E-B4FF-4CD8-8A58-A4E081BCC437}.Debug|Any CPU.ActiveCfg = Debug|Any CPU
		{38AA284E-B4FF-4CD8-8A58-A4E081BCC437}.Debug|Any CPU.Build.0 = Debug|Any CPU
		{38AA284E-B4FF-4CD8-8A58-A4E081BCC437}.Release|Any CPU.ActiveCfg = Release|Any CPU
		{38AA284E-B4FF-4CD8-8A58-A4E081BCC437}.Release|Any CPU.Build.0 = Release|Any CPU
		{564B8341-6D6F-4ECA-BF27-6CB3710E57AD}.Debug|Any CPU.ActiveCfg = Debug|Any CPU
		{564B8341-6D6F-4ECA-BF27-6CB3710E57AD}.Debug|Any CPU.Build.0 = Debug|Any CPU
		{564B8341-6D6F-4ECA-BF27-6CB3710E57AD}.Release|Any CPU.ActiveCfg = Release|Any CPU
		{564B8341-6D6F-4ECA-BF27-6CB3710E57AD}.Release|Any CPU.Build.0 = Release|Any CPU
		{1569E1DB-F5AD-403D-82D5-C6231C083D52}.Debug|Any CPU.ActiveCfg = Debug|Any CPU
		{1569E1DB-F5AD-403D-82D5-C6231C083D52}.Debug|Any CPU.Build.0 = Debug|Any CPU
		{1569E1DB-F5AD-403D-82D5-C6231C083D52}.Release|Any CPU.ActiveCfg = Release|Any CPU
		{1569E1DB-F5AD-403D-82D5-C6231C083D52}.Release|Any CPU.Build.0 = Release|Any CPU
		{0F8921B3-AE34-4344-86A5-CE5F35850A63}.Debug|Any CPU.ActiveCfg = Debug|Any CPU
		{0F8921B3-AE34-4344-86A5-CE5F35850A63}.Debug|Any CPU.Build.0 = Debug|Any CPU
		{0F8921B3-AE34-4344-86A5-CE5F35850A63}.Release|Any CPU.ActiveCfg = Release|Any CPU
		{0F8921B3-AE34-4344-86A5-CE5F35850A63}.Release|Any CPU.Build.0 = Release|Any CPU
		{C30C7FFD-EC30-49AB-8FE8-F9AB2B8DBCA1}.Debug|Any CPU.ActiveCfg = Debug|Any CPU
		{C30C7FFD-EC30-49AB-8FE8-F9AB2B8DBCA1}.Debug|Any CPU.Build.0 = Debug|Any CPU
		{C30C7FFD-EC30-49AB-8FE8-F9AB2B8DBCA1}.Release|Any CPU.ActiveCfg = Release|Any CPU
		{C30C7FFD-EC30-49AB-8FE8-F9AB2B8DBCA1}.Release|Any CPU.Build.0 = Release|Any CPU
		{AF3359A4-79B2-454A-AF49-08F39552C4BC}.Debug|Any CPU.ActiveCfg = Debug|Any CPU
		{AF3359A4-79B2-454A-AF49-08F39552C4BC}.Debug|Any CPU.Build.0 = Debug|Any CPU
		{AF3359A4-79B2-454A-AF49-08F39552C4BC}.Release|Any CPU.ActiveCfg = Release|Any CPU
		{AF3359A4-79B2-454A-AF49-08F39552C4BC}.Release|Any CPU.Build.0 = Release|Any CPU
	EndGlobalSection
	GlobalSection(SolutionProperties) = preSolution
		HideSolutionNode = FALSE
	EndGlobalSection
	GlobalSection(NestedProjects) = preSolution
		{8BA55B70-7FF1-437C-B717-9732FA670BC0} = {5955D5E2-2067-4433-B0FD-24A9BFF8E525}
		{214BD44D-436B-40E9-82F7-EA0C2CAF601E} = {5955D5E2-2067-4433-B0FD-24A9BFF8E525}
	EndGlobalSection
	GlobalSection(ExtensibilityGlobals) = postSolution
		SolutionGuid = {938045ED-8DDA-419F-B18B-8F24C2E44A0A}
	EndGlobalSection
EndGlobal
